// !$*UTF8*$!
{
	archiveVersion = 1;
	classes = {
	};
	objectVersion = 46;
	objects = {

/* Begin PBXBuildFile section */
		DB04DB621A827B090036A873 /* SensorTableViewCell.m in Sources */ = {isa = PBXBuildFile; fileRef = DB04DB611A827B090036A873 /* SensorTableViewCell.m */; };
		DB1AA3D11B8581CC008B76C6 /* Images.xcassets in Resources */ = {isa = PBXBuildFile; fileRef = DB1AA3D01B8581CC008B76C6 /* Images.xcassets */; };
		DB1D01421A78A3CF005EB05F /* DevicePolling.m in Sources */ = {isa = PBXBuildFile; fileRef = DB1D01411A78A3CF005EB05F /* DevicePolling.m */; };
		DB1D01431A78A581005EB05F /* DevicePolling.m in Sources */ = {isa = PBXBuildFile; fileRef = DB1D01411A78A3CF005EB05F /* DevicePolling.m */; };
		DB29E0441B266453002E09DD /* StoreKit.framework in Frameworks */ = {isa = PBXBuildFile; fileRef = DB29E0431B266453002E09DD /* StoreKit.framework */; };
		DB29E0471B26846F002E09DD /* ProductManager.m in Sources */ = {isa = PBXBuildFile; fileRef = DB29E0461B26846F002E09DD /* ProductManager.m */; };
		DB29E0491B26929A002E09DD /* iAd.framework in Frameworks */ = {isa = PBXBuildFile; fileRef = DB29E0481B26929A002E09DD /* iAd.framework */; };
		DB29E04C1B26A20F002E09DD /* TipJarViewControllerTableViewController.m in Sources */ = {isa = PBXBuildFile; fileRef = DB29E04B1B26A20F002E09DD /* TipJarViewControllerTableViewController.m */; };
		DB29E0501B26A5FE002E09DD /* TipJarSectionHeaderView.m in Sources */ = {isa = PBXBuildFile; fileRef = DB29E04F1B26A5FE002E09DD /* TipJarSectionHeaderView.m */; };
		DB316C7C1B64301800A0AD58 /* ThermostatTableViewCell.m in Sources */ = {isa = PBXBuildFile; fileRef = DB316C7B1B64301800A0AD58 /* ThermostatTableViewCell.m */; };
		DB316C7F1B66004400A0AD58 /* ThermostatControlButton.m in Sources */ = {isa = PBXBuildFile; fileRef = DB316C7E1B66004400A0AD58 /* ThermostatControlButton.m */; };
		DB316C881B660E2200A0AD58 /* UISegmentedControlWithVerticalLayout.m in Sources */ = {isa = PBXBuildFile; fileRef = DB316C871B660E2200A0AD58 /* UISegmentedControlWithVerticalLayout.m */; };
		DB4F676F1B85446F0032C21F /* Images.xcassets in Resources */ = {isa = PBXBuildFile; fileRef = DB4F676E1B85446F0032C21F /* Images.xcassets */; };
		DB4F67731B85446F0032C21F /* Vera Remote Control WatchKit App.app in Resources */ = {isa = PBXBuildFile; fileRef = DB4F67721B85446F0032C21F /* Vera Remote Control WatchKit App.app */; };
		DB4F67801B85446F0032C21F /* Vera Remote Control WatchKit Extension.appex in Embed App Extensions */ = {isa = PBXBuildFile; fileRef = DB4F67671B85446F0032C21F /* Vera Remote Control WatchKit Extension.appex */; settings = {ATTRIBUTES = (RemoveHeadersOnCopy, ); }; };
		DB4F67881B85469C0032C21F /* WatchApp.storyboard in Resources */ = {isa = PBXBuildFile; fileRef = DB4F67871B85469C0032C21F /* WatchApp.storyboard */; };
		DB4F67931B8548AB0032C21F /* AccessConfig.m in Sources */ = {isa = PBXBuildFile; fileRef = DB50DC011A72F1360053110E /* AccessConfig.m */; };
		DB50DBFC1A7176570053110E /* DimmableSwitchTableViewCell.m in Sources */ = {isa = PBXBuildFile; fileRef = DB50DBFB1A7176570053110E /* DimmableSwitchTableViewCell.m */; };
		DB50DC021A72F1360053110E /* AccessConfig.m in Sources */ = {isa = PBXBuildFile; fileRef = DB50DC011A72F1360053110E /* AccessConfig.m */; };
		DB50DC081A72FC240053110E /* FaultUtils.m in Sources */ = {isa = PBXBuildFile; fileRef = DB50DC071A72FC240053110E /* FaultUtils.m */; };
		DB50DC0E1A733CB60053110E /* ScenesViewController.m in Sources */ = {isa = PBXBuildFile; fileRef = DB50DC0D1A733CB60053110E /* ScenesViewController.m */; };
		DB55ADAC1A7615D7004175CF /* UIColor+Expanded.m in Sources */ = {isa = PBXBuildFile; fileRef = DB8B3D681A6CA93C00EB9A6A /* UIColor+Expanded.m */; };
		DB64BC281B85705E00D9F147 /* DimmableSwitchRowController.m in Sources */ = {isa = PBXBuildFile; fileRef = DB64BC271B85705E00D9F147 /* DimmableSwitchRowController.m */; };
		DB6850A31A6C6D1100CE4DAA /* main.m in Sources */ = {isa = PBXBuildFile; fileRef = DB6850A21A6C6D1100CE4DAA /* main.m */; };
		DB6850A61A6C6D1100CE4DAA /* AppDelegate.m in Sources */ = {isa = PBXBuildFile; fileRef = DB6850A51A6C6D1100CE4DAA /* AppDelegate.m */; };
		DB6850AE1A6C6D1100CE4DAA /* Images.xcassets in Resources */ = {isa = PBXBuildFile; fileRef = DB6850AD1A6C6D1100CE4DAA /* Images.xcassets */; };
		DB6850B11A6C6D1100CE4DAA /* LaunchScreen.xib in Resources */ = {isa = PBXBuildFile; fileRef = DB6850AF1A6C6D1100CE4DAA /* LaunchScreen.xib */; };
		DB6850BD1A6C6D1100CE4DAA /* Vera_Remote_ControlTests.m in Sources */ = {isa = PBXBuildFile; fileRef = DB6850BC1A6C6D1100CE4DAA /* Vera_Remote_ControlTests.m */; };
		DB6850CE1A6C6F2A00CE4DAA /* DeviceManager.m in Sources */ = {isa = PBXBuildFile; fileRef = DB6850CD1A6C6F2A00CE4DAA /* DeviceManager.m */; };
		DB6850D01A6C6F8800CE4DAA /* Security.framework in Frameworks */ = {isa = PBXBuildFile; fileRef = DB6850CF1A6C6F8800CE4DAA /* Security.framework */; };
		DB6850D31A6C702800CE4DAA /* VeraDevice.m in Sources */ = {isa = PBXBuildFile; fileRef = DB6850D21A6C702800CE4DAA /* VeraDevice.m */; };
		DB6AC0DB1A8C467400AE9607 /* WidgetSettingsUtils.m in Sources */ = {isa = PBXBuildFile; fileRef = DB6AC0DA1A8C467400AE9607 /* WidgetSettingsUtils.m */; };
		DB6AC0DE1A8C4A1700AE9607 /* MainAppWidgetSettingsManager.m in Sources */ = {isa = PBXBuildFile; fileRef = DB6AC0DD1A8C4A1700AE9607 /* MainAppWidgetSettingsManager.m */; };
		DB6AC0DF1A8C4CF000AE9607 /* MainAppWidgetSettingsManager.m in Sources */ = {isa = PBXBuildFile; fileRef = DB6AC0DD1A8C4A1700AE9607 /* MainAppWidgetSettingsManager.m */; };
		DB6AC0E01A8C4D2900AE9607 /* WidgetSettingsUtils.m in Sources */ = {isa = PBXBuildFile; fileRef = DB6AC0DA1A8C467400AE9607 /* WidgetSettingsUtils.m */; };
		DB6C3E9F1B7E5FA000C23EF0 /* MessageUI.framework in Frameworks */ = {isa = PBXBuildFile; fileRef = DB6C3E9E1B7E5FA000C23EF0 /* MessageUI.framework */; };
		DB6C3EA71B7E66A500C23EF0 /* AppNavigationManager.m in Sources */ = {isa = PBXBuildFile; fileRef = DB6C3EA61B7E66A500C23EF0 /* AppNavigationManager.m */; };
		DB6C3EAF1B7E74BB00C23EF0 /* UIViewController+DeepLinking.m in Sources */ = {isa = PBXBuildFile; fileRef = DB6C3EAE1B7E74BB00C23EF0 /* UIViewController+DeepLinking.m */; };
		DB6DE50E1A73477D00DBD7AC /* SceneTableViewCell.m in Sources */ = {isa = PBXBuildFile; fileRef = DB6DE50D1A73477D00DBD7AC /* SceneTableViewCell.m */; };
		DB6DE51A1A75C64300DBD7AC /* SpinningCursorView.m in Sources */ = {isa = PBXBuildFile; fileRef = DB6DE5191A75C64300DBD7AC /* SpinningCursorView.m */; };
		DB6DE5221A75C6A300DBD7AC /* NotificationCenter.framework in Frameworks */ = {isa = PBXBuildFile; fileRef = DB6DE5211A75C6A300DBD7AC /* NotificationCenter.framework */; };
		DB6DE52D1A75C6A300DBD7AC /* Scenes.appex in Embed App Extensions */ = {isa = PBXBuildFile; fileRef = DB6DE51F1A75C6A300DBD7AC /* Scenes.appex */; settings = {ATTRIBUTES = (RemoveHeadersOnCopy, ); }; };
		DB6DE53A1A75C76C00DBD7AC /* ScenesViewController.m in Sources */ = {isa = PBXBuildFile; fileRef = DB6DE5381A75C76400DBD7AC /* ScenesViewController.m */; };
		DB6DE53B1A75C78800DBD7AC /* VeraAccessPoint.m in Sources */ = {isa = PBXBuildFile; fileRef = DB8B3DA91A6EFEA300EB9A6A /* VeraAccessPoint.m */; };
		DB6DE53C1A75C78C00DBD7AC /* ControlledDevice.m in Sources */ = {isa = PBXBuildFile; fileRef = DB8B3DE51A6F344700EB9A6A /* ControlledDevice.m */; };
		DB6DE53D1A75C78F00DBD7AC /* AccessConfig.m in Sources */ = {isa = PBXBuildFile; fileRef = DB50DC011A72F1360053110E /* AccessConfig.m */; };
		DB6DE53E1A75C79200DBD7AC /* Room.m in Sources */ = {isa = PBXBuildFile; fileRef = DB8B3DE81A6F349A00EB9A6A /* Room.m */; };
		DB6DE5451A75CC2100DBD7AC /* ConfigUtils.m in Sources */ = {isa = PBXBuildFile; fileRef = DB6DE5441A75CC2100DBD7AC /* ConfigUtils.m */; };
		DB6DE5461A75D85600DBD7AC /* ConfigUtils.m in Sources */ = {isa = PBXBuildFile; fileRef = DB6DE5441A75CC2100DBD7AC /* ConfigUtils.m */; };
		DB6DE5471A75D85E00DBD7AC /* VeraDevice.m in Sources */ = {isa = PBXBuildFile; fileRef = DB6850D21A6C702800CE4DAA /* VeraDevice.m */; };
		DB6DE5481A75D86200DBD7AC /* ObserverUtils.m in Sources */ = {isa = PBXBuildFile; fileRef = DB8B3D941A6CE73900EB9A6A /* ObserverUtils.m */; };
		DB6DE5491A75D88C00DBD7AC /* FaultUtils.m in Sources */ = {isa = PBXBuildFile; fileRef = DB50DC071A72FC240053110E /* FaultUtils.m */; };
		DB6DE54D1A75DB7A00DBD7AC /* SceneManager.m in Sources */ = {isa = PBXBuildFile; fileRef = DB6DE5411A75C85D00DBD7AC /* SceneManager.m */; };
		DB6DE54E1A75DB9E00DBD7AC /* APIService.m in Sources */ = {isa = PBXBuildFile; fileRef = DB8B3D5A1A6C80FB00EB9A6A /* APIService.m */; };
		DB6DE54F1A75DBA400DBD7AC /* APIServiceRequest.m in Sources */ = {isa = PBXBuildFile; fileRef = DB8B3D5C1A6C80FB00EB9A6A /* APIServiceRequest.m */; };
		DB6DE5531A75F8F200DBD7AC /* ScenesView.m in Sources */ = {isa = PBXBuildFile; fileRef = DB6DE5521A75F8F200DBD7AC /* ScenesView.m */; };
		DB6DE5541A75F92700DBD7AC /* SpinningCursorView.m in Sources */ = {isa = PBXBuildFile; fileRef = DB6DE5191A75C64300DBD7AC /* SpinningCursorView.m */; };
		DB6DE5571A75F93D00DBD7AC /* SceneView.m in Sources */ = {isa = PBXBuildFile; fileRef = DB6DE5561A75F93D00DBD7AC /* SceneView.m */; };
		DB6DE5581A75F9C700DBD7AC /* CircularShapeView.m in Sources */ = {isa = PBXBuildFile; fileRef = DB8B3DFB1A70A29A00EB9A6A /* CircularShapeView.m */; };
		DB6DE5591A75FD0D00DBD7AC /* SceneView.m in Sources */ = {isa = PBXBuildFile; fileRef = DB6DE5561A75F93D00DBD7AC /* SceneView.m */; };
		DB6DE55A1A75FD1000DBD7AC /* ScenesView.m in Sources */ = {isa = PBXBuildFile; fileRef = DB6DE5521A75F8F200DBD7AC /* ScenesView.m */; };
		DB6DE55B1A76048D00DBD7AC /* UIFont_Expanded.m in Sources */ = {isa = PBXBuildFile; fileRef = DB8B3D6D1A6CAC2700EB9A6A /* UIFont_Expanded.m */; };
		DB7AA4291B9E30670020F354 /* ErrorInterfaceController.m in Sources */ = {isa = PBXBuildFile; fileRef = DB7AA4281B9E30670020F354 /* ErrorInterfaceController.m */; };
		DB8B3D5D1A6C80FB00EB9A6A /* APIService.m in Sources */ = {isa = PBXBuildFile; fileRef = DB8B3D5A1A6C80FB00EB9A6A /* APIService.m */; };
		DB8B3D5E1A6C80FB00EB9A6A /* APIServiceRequest.m in Sources */ = {isa = PBXBuildFile; fileRef = DB8B3D5C1A6C80FB00EB9A6A /* APIServiceRequest.m */; };
		DB8B3D621A6CA71F00EB9A6A /* MasterViewController.m in Sources */ = {isa = PBXBuildFile; fileRef = DB8B3D611A6CA71F00EB9A6A /* MasterViewController.m */; };
		DB8B3D691A6CA93C00EB9A6A /* UIColor+Expanded.m in Sources */ = {isa = PBXBuildFile; fileRef = DB8B3D681A6CA93C00EB9A6A /* UIColor+Expanded.m */; };
		DB8B3D6E1A6CAC2700EB9A6A /* UIFont_Expanded.m in Sources */ = {isa = PBXBuildFile; fileRef = DB8B3D6D1A6CAC2700EB9A6A /* UIFont_Expanded.m */; };
		DB8B3D711A6CAC6300EB9A6A /* DefaultTextFieldDelegate.m in Sources */ = {isa = PBXBuildFile; fileRef = DB8B3D701A6CAC6300EB9A6A /* DefaultTextFieldDelegate.m */; };
		DB8B3D741A6CAC8400EB9A6A /* StyleUtils.m in Sources */ = {isa = PBXBuildFile; fileRef = DB8B3D731A6CAC8400EB9A6A /* StyleUtils.m */; };
		DB8B3D771A6CACEA00EB9A6A /* UIFont+DefaultSettings.m in Sources */ = {isa = PBXBuildFile; fileRef = DB8B3D761A6CACEA00EB9A6A /* UIFont+DefaultSettings.m */; };
		DB8B3D7C1A6CAD6D00EB9A6A /* AsyncImageView.m in Sources */ = {isa = PBXBuildFile; fileRef = DB8B3D7B1A6CAD6D00EB9A6A /* AsyncImageView.m */; };
		DB8B3D7F1A6CAD8100EB9A6A /* TableViewCellWithTextField.m in Sources */ = {isa = PBXBuildFile; fileRef = DB8B3D7E1A6CAD8100EB9A6A /* TableViewCellWithTextField.m */; };
		DB8B3D821A6CAD9700EB9A6A /* DefaultKeyboardAccessoryView.m in Sources */ = {isa = PBXBuildFile; fileRef = DB8B3D811A6CAD9700EB9A6A /* DefaultKeyboardAccessoryView.m */; };
		DB8B3D861A6CAE0700EB9A6A /* CredentialsViewController.m in Sources */ = {isa = PBXBuildFile; fileRef = DB8B3D851A6CAE0700EB9A6A /* CredentialsViewController.m */; };
		DB8B3D891A6CDF4600EB9A6A /* Buttons.m in Sources */ = {isa = PBXBuildFile; fileRef = DB8B3D881A6CDF4600EB9A6A /* Buttons.m */; };
		DB8B3D8C1A6CDF6200EB9A6A /* ImageUtils.m in Sources */ = {isa = PBXBuildFile; fileRef = DB8B3D8B1A6CDF6200EB9A6A /* ImageUtils.m */; };
		DB8B3D8F1A6CE23400EB9A6A /* UIAlertViewWithCallbacks.m in Sources */ = {isa = PBXBuildFile; fileRef = DB8B3D8E1A6CE23400EB9A6A /* UIAlertViewWithCallbacks.m */; };
		DB8B3D921A6CE39600EB9A6A /* LargeProgressView.m in Sources */ = {isa = PBXBuildFile; fileRef = DB8B3D911A6CE39600EB9A6A /* LargeProgressView.m */; };
		DB8B3D951A6CE73900EB9A6A /* ObserverUtils.m in Sources */ = {isa = PBXBuildFile; fileRef = DB8B3D941A6CE73900EB9A6A /* ObserverUtils.m */; };
		DB8B3D981A6E1E1700EB9A6A /* VeraDevicesViewController.m in Sources */ = {isa = PBXBuildFile; fileRef = DB8B3D971A6E1E1700EB9A6A /* VeraDevicesViewController.m */; };
		DB8B3D9B1A6E200A00EB9A6A /* DevicesViewController.m in Sources */ = {isa = PBXBuildFile; fileRef = DB8B3D9A1A6E200A00EB9A6A /* DevicesViewController.m */; };
		DB8B3DA61A6ED24C00EB9A6A /* VeraDeviceTableViewCell.m in Sources */ = {isa = PBXBuildFile; fileRef = DB8B3DA51A6ED24C00EB9A6A /* VeraDeviceTableViewCell.m */; };
		DB8B3DAA1A6EFEA300EB9A6A /* VeraAccessPoint.m in Sources */ = {isa = PBXBuildFile; fileRef = DB8B3DA91A6EFEA300EB9A6A /* VeraAccessPoint.m */; };
		DB8B3DE61A6F344700EB9A6A /* ControlledDevice.m in Sources */ = {isa = PBXBuildFile; fileRef = DB8B3DE51A6F344700EB9A6A /* ControlledDevice.m */; };
		DB8B3DE91A6F349A00EB9A6A /* Room.m in Sources */ = {isa = PBXBuildFile; fileRef = DB8B3DE81A6F349A00EB9A6A /* Room.m */; };
		DB8B3DF21A7023A000EB9A6A /* DevicesTableSection.m in Sources */ = {isa = PBXBuildFile; fileRef = DB8B3DF11A7023A000EB9A6A /* DevicesTableSection.m */; };
		DB8B3DFC1A70A29A00EB9A6A /* CircularShapeView.m in Sources */ = {isa = PBXBuildFile; fileRef = DB8B3DFB1A70A29A00EB9A6A /* CircularShapeView.m */; };
		DB8B3DFF1A70A5B900EB9A6A /* BinarySwitchTableViewCell.m in Sources */ = {isa = PBXBuildFile; fileRef = DB8B3DFE1A70A5B900EB9A6A /* BinarySwitchTableViewCell.m */; };
		DBA6468A1AFFF4390008046D /* RecordButton.m in Sources */ = {isa = PBXBuildFile; fileRef = DBA646891AFFF4390008046D /* RecordButton.m */; };
		DBA6468C1B000EB70008046D /* AssetsLibrary.framework in Frameworks */ = {isa = PBXBuildFile; fileRef = DBA6468B1B000EB70008046D /* AssetsLibrary.framework */; };
		DBA6468F1B0023D80008046D /* VideoRecorder.m in Sources */ = {isa = PBXBuildFile; fileRef = DBA6468E1B0023D80008046D /* VideoRecorder.m */; };
		DBD860511B71BBED00F71664 /* ThermostatTempControlView.m in Sources */ = {isa = PBXBuildFile; fileRef = DBD860501B71BBED00F71664 /* ThermostatTempControlView.m */; };
		DBE0796B1A9AB49D00C40710 /* SecurityCameraTableViewCell.m in Sources */ = {isa = PBXBuildFile; fileRef = DBE0796A1A9AB49D00C40710 /* SecurityCameraTableViewCell.m */; };
		DBE0796E1A9AB64F00C40710 /* PropertyInvalidator.m in Sources */ = {isa = PBXBuildFile; fileRef = DBE0796D1A9AB64F00C40710 /* PropertyInvalidator.m */; };
		DBE079711A9ABB5B00C40710 /* SecurityCameraViewController.m in Sources */ = {isa = PBXBuildFile; fileRef = DBE079701A9ABB5B00C40710 /* SecurityCameraViewController.m */; };
		DBE079741A9ABE4E00C40710 /* SecurityCameraImagePolling.m in Sources */ = {isa = PBXBuildFile; fileRef = DBE079731A9ABE4E00C40710 /* SecurityCameraImagePolling.m */; };
		DBEF8B971A857F2300678F6D /* MotionSensorTableViewCell.m in Sources */ = {isa = PBXBuildFile; fileRef = DBEF8B961A857F2300678F6D /* MotionSensorTableViewCell.m */; };
		DBEF8B9A1A85AE1400678F6D /* BatteryLevelView.m in Sources */ = {isa = PBXBuildFile; fileRef = DBEF8B991A85AE1400678F6D /* BatteryLevelView.m */; };
		DBEF8B9E1A85D91F00678F6D /* SettingsViewController.m in Sources */ = {isa = PBXBuildFile; fileRef = DBEF8B9D1A85D91F00678F6D /* SettingsViewController.m */; };
		DBEF8BA11A8931DA00678F6D /* WidgetSettingsViewController.m in Sources */ = {isa = PBXBuildFile; fileRef = DBEF8BA01A8931DA00678F6D /* WidgetSettingsViewController.m */; };
		DBEF8BA71A89324400678F6D /* TableViewCellWithSwitch.m in Sources */ = {isa = PBXBuildFile; fileRef = DBEF8BA61A89324400678F6D /* TableViewCellWithSwitch.m */; };
		DBFABFE81B854AA300FF6FE4 /* DevicesInterfaceController.m in Sources */ = {isa = PBXBuildFile; fileRef = DBFABFE71B854AA300FF6FE4 /* DevicesInterfaceController.m */; };
		DBFABFEC1B854BCE00FF6FE4 /* DeviceManager.m in Sources */ = {isa = PBXBuildFile; fileRef = DB6850CD1A6C6F2A00CE4DAA /* DeviceManager.m */; };
		DBFABFED1B854DB500FF6FE4 /* VeraDevice.m in Sources */ = {isa = PBXBuildFile; fileRef = DB6850D21A6C702800CE4DAA /* VeraDevice.m */; };
		DBFABFEE1B854DC500FF6FE4 /* ControlledDevice.m in Sources */ = {isa = PBXBuildFile; fileRef = DB8B3DE51A6F344700EB9A6A /* ControlledDevice.m */; };
		DBFABFEF1B854DE200FF6FE4 /* APIService.m in Sources */ = {isa = PBXBuildFile; fileRef = DB8B3D5A1A6C80FB00EB9A6A /* APIService.m */; };
		DBFABFF01B854DEB00FF6FE4 /* APIServiceRequest.m in Sources */ = {isa = PBXBuildFile; fileRef = DB8B3D5C1A6C80FB00EB9A6A /* APIServiceRequest.m */; };
		DBFABFF11B854DF200FF6FE4 /* ConfigUtils.m in Sources */ = {isa = PBXBuildFile; fileRef = DB6DE5441A75CC2100DBD7AC /* ConfigUtils.m */; };
		DBFABFF21B854E0100FF6FE4 /* DevicePolling.m in Sources */ = {isa = PBXBuildFile; fileRef = DB1D01411A78A3CF005EB05F /* DevicePolling.m */; };
		DBFABFF31B854E1000FF6FE4 /* Room.m in Sources */ = {isa = PBXBuildFile; fileRef = DB8B3DE81A6F349A00EB9A6A /* Room.m */; };
		DBFABFF41B854E1A00FF6FE4 /* SecurityCameraImagePolling.m in Sources */ = {isa = PBXBuildFile; fileRef = DBE079731A9ABE4E00C40710 /* SecurityCameraImagePolling.m */; };
		DBFABFF51B854E2100FF6FE4 /* VeraAccessPoint.m in Sources */ = {isa = PBXBuildFile; fileRef = DB8B3DA91A6EFEA300EB9A6A /* VeraAccessPoint.m */; };
		DBFABFFD1B8565B400FF6FE4 /* BinarySwitchRowController.m in Sources */ = {isa = PBXBuildFile; fileRef = DBFABFFC1B8565B400FF6FE4 /* BinarySwitchRowController.m */; };
		DBFABFFE1B85668B00FF6FE4 /* Binder.m in Sources */ = {isa = PBXBuildFile; fileRef = DBFD455B1B4E3A8B004B90D8 /* Binder.m */; };
		DBFABFFF1B85674E00FF6FE4 /* ObserverUtils.m in Sources */ = {isa = PBXBuildFile; fileRef = DB8B3D941A6CE73900EB9A6A /* ObserverUtils.m */; };
		DBFAC0001B85698000FF6FE4 /* PropertyInvalidator.m in Sources */ = {isa = PBXBuildFile; fileRef = DBE0796D1A9AB64F00C40710 /* PropertyInvalidator.m */; };
		DBFD455C1B4E3A8B004B90D8 /* Binder.m in Sources */ = {isa = PBXBuildFile; fileRef = DBFD455B1B4E3A8B004B90D8 /* Binder.m */; };
/* End PBXBuildFile section */

/* Begin PBXContainerItemProxy section */
		DB4F67741B85446F0032C21F /* PBXContainerItemProxy */ = {
			isa = PBXContainerItemProxy;
			containerPortal = DB6850951A6C6D1100CE4DAA /* Project object */;
			proxyType = 1;
			remoteGlobalIDString = DB4F67711B85446F0032C21F;
			remoteInfo = "Vera Remote Control WatchKit App";
		};
		DB4F677E1B85446F0032C21F /* PBXContainerItemProxy */ = {
			isa = PBXContainerItemProxy;
			containerPortal = DB6850951A6C6D1100CE4DAA /* Project object */;
			proxyType = 1;
			remoteGlobalIDString = DB4F67661B85446F0032C21F;
			remoteInfo = "Vera Remote Control WatchKit Extension";
		};
		DB6850B71A6C6D1100CE4DAA /* PBXContainerItemProxy */ = {
			isa = PBXContainerItemProxy;
			containerPortal = DB6850951A6C6D1100CE4DAA /* Project object */;
			proxyType = 1;
			remoteGlobalIDString = DB68509C1A6C6D1100CE4DAA;
			remoteInfo = "Vera Remote Control";
		};
		DB6DE52B1A75C6A300DBD7AC /* PBXContainerItemProxy */ = {
			isa = PBXContainerItemProxy;
			containerPortal = DB6850951A6C6D1100CE4DAA /* Project object */;
			proxyType = 1;
			remoteGlobalIDString = DB6DE51E1A75C6A300DBD7AC;
			remoteInfo = Scenes;
		};
/* End PBXContainerItemProxy section */

/* Begin PBXCopyFilesBuildPhase section */
		DB6DE5311A75C6A300DBD7AC /* Embed App Extensions */ = {
			isa = PBXCopyFilesBuildPhase;
			buildActionMask = 2147483647;
			dstPath = "";
			dstSubfolderSpec = 13;
			files = (
				DB6DE52D1A75C6A300DBD7AC /* Scenes.appex in Embed App Extensions */,
				DB4F67801B85446F0032C21F /* Vera Remote Control WatchKit Extension.appex in Embed App Extensions */,
			);
			name = "Embed App Extensions";
			runOnlyForDeploymentPostprocessing = 0;
		};
/* End PBXCopyFilesBuildPhase section */

/* Begin PBXFileReference section */
		DB04DB601A827B090036A873 /* SensorTableViewCell.h */ = {isa = PBXFileReference; fileEncoding = 4; lastKnownFileType = sourcecode.c.h; path = SensorTableViewCell.h; sourceTree = "<group>"; };
		DB04DB611A827B090036A873 /* SensorTableViewCell.m */ = {isa = PBXFileReference; fileEncoding = 4; lastKnownFileType = sourcecode.c.objc; path = SensorTableViewCell.m; sourceTree = "<group>"; };
		DB1AA3D01B8581CC008B76C6 /* Images.xcassets */ = {isa = PBXFileReference; lastKnownFileType = folder.assetcatalog; path = Images.xcassets; sourceTree = "<group>"; };
		DB1D01401A78A3CF005EB05F /* DevicePolling.h */ = {isa = PBXFileReference; fileEncoding = 4; lastKnownFileType = sourcecode.c.h; path = DevicePolling.h; sourceTree = "<group>"; };
		DB1D01411A78A3CF005EB05F /* DevicePolling.m */ = {isa = PBXFileReference; fileEncoding = 4; lastKnownFileType = sourcecode.c.objc; path = DevicePolling.m; sourceTree = "<group>"; };
		DB29E0431B266453002E09DD /* StoreKit.framework */ = {isa = PBXFileReference; lastKnownFileType = wrapper.framework; name = StoreKit.framework; path = System/Library/Frameworks/StoreKit.framework; sourceTree = SDKROOT; };
		DB29E0451B26846F002E09DD /* ProductManager.h */ = {isa = PBXFileReference; fileEncoding = 4; lastKnownFileType = sourcecode.c.h; path = ProductManager.h; sourceTree = "<group>"; };
		DB29E0461B26846F002E09DD /* ProductManager.m */ = {isa = PBXFileReference; fileEncoding = 4; lastKnownFileType = sourcecode.c.objc; path = ProductManager.m; sourceTree = "<group>"; };
		DB29E0481B26929A002E09DD /* iAd.framework */ = {isa = PBXFileReference; lastKnownFileType = wrapper.framework; name = iAd.framework; path = System/Library/Frameworks/iAd.framework; sourceTree = SDKROOT; };
		DB29E04A1B26A20F002E09DD /* TipJarViewControllerTableViewController.h */ = {isa = PBXFileReference; fileEncoding = 4; lastKnownFileType = sourcecode.c.h; path = TipJarViewControllerTableViewController.h; sourceTree = "<group>"; };
		DB29E04B1B26A20F002E09DD /* TipJarViewControllerTableViewController.m */ = {isa = PBXFileReference; fileEncoding = 4; lastKnownFileType = sourcecode.c.objc; path = TipJarViewControllerTableViewController.m; sourceTree = "<group>"; };
		DB29E04E1B26A5FE002E09DD /* TipJarSectionHeaderView.h */ = {isa = PBXFileReference; fileEncoding = 4; lastKnownFileType = sourcecode.c.h; path = TipJarSectionHeaderView.h; sourceTree = "<group>"; };
		DB29E04F1B26A5FE002E09DD /* TipJarSectionHeaderView.m */ = {isa = PBXFileReference; fileEncoding = 4; lastKnownFileType = sourcecode.c.objc; path = TipJarSectionHeaderView.m; sourceTree = "<group>"; };
		DB316C7A1B64301800A0AD58 /* ThermostatTableViewCell.h */ = {isa = PBXFileReference; fileEncoding = 4; lastKnownFileType = sourcecode.c.h; path = ThermostatTableViewCell.h; sourceTree = "<group>"; };
		DB316C7B1B64301800A0AD58 /* ThermostatTableViewCell.m */ = {isa = PBXFileReference; fileEncoding = 4; lastKnownFileType = sourcecode.c.objc; path = ThermostatTableViewCell.m; sourceTree = "<group>"; };
		DB316C7D1B66004400A0AD58 /* ThermostatControlButton.h */ = {isa = PBXFileReference; fileEncoding = 4; lastKnownFileType = sourcecode.c.h; path = ThermostatControlButton.h; sourceTree = "<group>"; };
		DB316C7E1B66004400A0AD58 /* ThermostatControlButton.m */ = {isa = PBXFileReference; fileEncoding = 4; lastKnownFileType = sourcecode.c.objc; path = ThermostatControlButton.m; sourceTree = "<group>"; };
		DB316C861B660E2200A0AD58 /* UISegmentedControlWithVerticalLayout.h */ = {isa = PBXFileReference; fileEncoding = 4; lastKnownFileType = sourcecode.c.h; path = UISegmentedControlWithVerticalLayout.h; sourceTree = "<group>"; };
		DB316C871B660E2200A0AD58 /* UISegmentedControlWithVerticalLayout.m */ = {isa = PBXFileReference; fileEncoding = 4; lastKnownFileType = sourcecode.c.objc; path = UISegmentedControlWithVerticalLayout.m; sourceTree = "<group>"; };
		DB4F67671B85446F0032C21F /* Vera Remote Control WatchKit Extension.appex */ = {isa = PBXFileReference; explicitFileType = "wrapper.app-extension"; includeInIndex = 0; path = "Vera Remote Control WatchKit Extension.appex"; sourceTree = BUILT_PRODUCTS_DIR; };
		DB4F676A1B85446F0032C21F /* Info.plist */ = {isa = PBXFileReference; lastKnownFileType = text.plist.xml; path = Info.plist; sourceTree = "<group>"; };
		DB4F676E1B85446F0032C21F /* Images.xcassets */ = {isa = PBXFileReference; lastKnownFileType = folder.assetcatalog; path = Images.xcassets; sourceTree = "<group>"; };
		DB4F67721B85446F0032C21F /* Vera Remote Control WatchKit App.app */ = {isa = PBXFileReference; explicitFileType = wrapper.application; includeInIndex = 0; path = "Vera Remote Control WatchKit App.app"; sourceTree = BUILT_PRODUCTS_DIR; };
		DB4F67871B85469C0032C21F /* WatchApp.storyboard */ = {isa = PBXFileReference; fileEncoding = 4; lastKnownFileType = file.storyboard; path = WatchApp.storyboard; sourceTree = "<group>"; };
		DB4F67951B8549140032C21F /* Info.plist */ = {isa = PBXFileReference; fileEncoding = 4; lastKnownFileType = text.plist.xml; path = Info.plist; sourceTree = "<group>"; };
		DB50DBFA1A7176570053110E /* DimmableSwitchTableViewCell.h */ = {isa = PBXFileReference; fileEncoding = 4; lastKnownFileType = sourcecode.c.h; path = DimmableSwitchTableViewCell.h; sourceTree = "<group>"; };
		DB50DBFB1A7176570053110E /* DimmableSwitchTableViewCell.m */ = {isa = PBXFileReference; fileEncoding = 4; lastKnownFileType = sourcecode.c.objc; path = DimmableSwitchTableViewCell.m; sourceTree = "<group>"; };
		DB50DC001A72F1360053110E /* AccessConfig.h */ = {isa = PBXFileReference; fileEncoding = 4; lastKnownFileType = sourcecode.c.h; path = AccessConfig.h; sourceTree = "<group>"; };
		DB50DC011A72F1360053110E /* AccessConfig.m */ = {isa = PBXFileReference; fileEncoding = 4; lastKnownFileType = sourcecode.c.objc; path = AccessConfig.m; sourceTree = "<group>"; };
		DB50DC061A72FC240053110E /* FaultUtils.h */ = {isa = PBXFileReference; fileEncoding = 4; lastKnownFileType = sourcecode.c.h; path = FaultUtils.h; sourceTree = "<group>"; };
		DB50DC071A72FC240053110E /* FaultUtils.m */ = {isa = PBXFileReference; fileEncoding = 4; lastKnownFileType = sourcecode.c.objc; path = FaultUtils.m; sourceTree = "<group>"; };
		DB50DC0C1A733CB60053110E /* ScenesViewController.h */ = {isa = PBXFileReference; fileEncoding = 4; lastKnownFileType = sourcecode.c.h; path = ScenesViewController.h; sourceTree = "<group>"; };
		DB50DC0D1A733CB60053110E /* ScenesViewController.m */ = {isa = PBXFileReference; fileEncoding = 4; lastKnownFileType = sourcecode.c.objc; path = ScenesViewController.m; sourceTree = "<group>"; };
		DB64BC261B85705E00D9F147 /* DimmableSwitchRowController.h */ = {isa = PBXFileReference; fileEncoding = 4; lastKnownFileType = sourcecode.c.h; path = DimmableSwitchRowController.h; sourceTree = "<group>"; };
		DB64BC271B85705E00D9F147 /* DimmableSwitchRowController.m */ = {isa = PBXFileReference; fileEncoding = 4; lastKnownFileType = sourcecode.c.objc; path = DimmableSwitchRowController.m; sourceTree = "<group>"; };
		DB68509D1A6C6D1100CE4DAA /* Vera Remote Control.app */ = {isa = PBXFileReference; explicitFileType = wrapper.application; includeInIndex = 0; path = "Vera Remote Control.app"; sourceTree = BUILT_PRODUCTS_DIR; };
		DB6850A11A6C6D1100CE4DAA /* Info.plist */ = {isa = PBXFileReference; lastKnownFileType = text.plist.xml; path = Info.plist; sourceTree = "<group>"; };
		DB6850A21A6C6D1100CE4DAA /* main.m */ = {isa = PBXFileReference; lastKnownFileType = sourcecode.c.objc; path = main.m; sourceTree = "<group>"; };
		DB6850A41A6C6D1100CE4DAA /* AppDelegate.h */ = {isa = PBXFileReference; lastKnownFileType = sourcecode.c.h; path = AppDelegate.h; sourceTree = "<group>"; };
		DB6850A51A6C6D1100CE4DAA /* AppDelegate.m */ = {isa = PBXFileReference; lastKnownFileType = sourcecode.c.objc; path = AppDelegate.m; sourceTree = "<group>"; };
		DB6850AD1A6C6D1100CE4DAA /* Images.xcassets */ = {isa = PBXFileReference; lastKnownFileType = folder.assetcatalog; path = Images.xcassets; sourceTree = "<group>"; };
		DB6850B01A6C6D1100CE4DAA /* Base */ = {isa = PBXFileReference; lastKnownFileType = file.xib; name = Base; path = Base.lproj/LaunchScreen.xib; sourceTree = "<group>"; };
		DB6850B61A6C6D1100CE4DAA /* Vera Remote ControlTests.xctest */ = {isa = PBXFileReference; explicitFileType = wrapper.cfbundle; includeInIndex = 0; path = "Vera Remote ControlTests.xctest"; sourceTree = BUILT_PRODUCTS_DIR; };
		DB6850BB1A6C6D1100CE4DAA /* Info.plist */ = {isa = PBXFileReference; lastKnownFileType = text.plist.xml; path = Info.plist; sourceTree = "<group>"; };
		DB6850BC1A6C6D1100CE4DAA /* Vera_Remote_ControlTests.m */ = {isa = PBXFileReference; lastKnownFileType = sourcecode.c.objc; path = Vera_Remote_ControlTests.m; sourceTree = "<group>"; };
		DB6850C61A6C6D3900CE4DAA /* Vera Remote Control.entitlements */ = {isa = PBXFileReference; lastKnownFileType = text.xml; path = "Vera Remote Control.entitlements"; sourceTree = "<group>"; };
		DB6850CC1A6C6F2A00CE4DAA /* DeviceManager.h */ = {isa = PBXFileReference; fileEncoding = 4; lastKnownFileType = sourcecode.c.h; path = DeviceManager.h; sourceTree = "<group>"; };
		DB6850CD1A6C6F2A00CE4DAA /* DeviceManager.m */ = {isa = PBXFileReference; fileEncoding = 4; lastKnownFileType = sourcecode.c.objc; path = DeviceManager.m; sourceTree = "<group>"; };
		DB6850CF1A6C6F8800CE4DAA /* Security.framework */ = {isa = PBXFileReference; lastKnownFileType = wrapper.framework; name = Security.framework; path = System/Library/Frameworks/Security.framework; sourceTree = SDKROOT; };
		DB6850D11A6C702800CE4DAA /* VeraDevice.h */ = {isa = PBXFileReference; fileEncoding = 4; lastKnownFileType = sourcecode.c.h; path = VeraDevice.h; sourceTree = "<group>"; };
		DB6850D21A6C702800CE4DAA /* VeraDevice.m */ = {isa = PBXFileReference; fileEncoding = 4; lastKnownFileType = sourcecode.c.objc; path = VeraDevice.m; sourceTree = "<group>"; };
		DB6850D41A6C715500CE4DAA /* JSONSerializable.h */ = {isa = PBXFileReference; fileEncoding = 4; lastKnownFileType = sourcecode.c.h; path = JSONSerializable.h; sourceTree = "<group>"; };
		DB6AC0D91A8C467400AE9607 /* WidgetSettingsUtils.h */ = {isa = PBXFileReference; fileEncoding = 4; lastKnownFileType = sourcecode.c.h; path = WidgetSettingsUtils.h; sourceTree = "<group>"; };
		DB6AC0DA1A8C467400AE9607 /* WidgetSettingsUtils.m */ = {isa = PBXFileReference; fileEncoding = 4; lastKnownFileType = sourcecode.c.objc; path = WidgetSettingsUtils.m; sourceTree = "<group>"; };
		DB6AC0DC1A8C4A1700AE9607 /* MainAppWidgetSettingsManager.h */ = {isa = PBXFileReference; fileEncoding = 4; lastKnownFileType = sourcecode.c.h; path = MainAppWidgetSettingsManager.h; sourceTree = "<group>"; };
		DB6AC0DD1A8C4A1700AE9607 /* MainAppWidgetSettingsManager.m */ = {isa = PBXFileReference; fileEncoding = 4; lastKnownFileType = sourcecode.c.objc; path = MainAppWidgetSettingsManager.m; sourceTree = "<group>"; };
		DB6C3E9E1B7E5FA000C23EF0 /* MessageUI.framework */ = {isa = PBXFileReference; lastKnownFileType = wrapper.framework; name = MessageUI.framework; path = System/Library/Frameworks/MessageUI.framework; sourceTree = SDKROOT; };
		DB6C3EA51B7E66A500C23EF0 /* AppNavigationManager.h */ = {isa = PBXFileReference; fileEncoding = 4; lastKnownFileType = sourcecode.c.h; path = AppNavigationManager.h; sourceTree = "<group>"; };
		DB6C3EA61B7E66A500C23EF0 /* AppNavigationManager.m */ = {isa = PBXFileReference; fileEncoding = 4; lastKnownFileType = sourcecode.c.objc; path = AppNavigationManager.m; sourceTree = "<group>"; };
		DB6C3EAD1B7E74BB00C23EF0 /* UIViewController+DeepLinking.h */ = {isa = PBXFileReference; fileEncoding = 4; lastKnownFileType = sourcecode.c.h; path = "UIViewController+DeepLinking.h"; sourceTree = "<group>"; };
		DB6C3EAE1B7E74BB00C23EF0 /* UIViewController+DeepLinking.m */ = {isa = PBXFileReference; fileEncoding = 4; lastKnownFileType = sourcecode.c.objc; path = "UIViewController+DeepLinking.m"; sourceTree = "<group>"; };
		DB6DE50C1A73477D00DBD7AC /* SceneTableViewCell.h */ = {isa = PBXFileReference; fileEncoding = 4; lastKnownFileType = sourcecode.c.h; path = SceneTableViewCell.h; sourceTree = "<group>"; };
		DB6DE50D1A73477D00DBD7AC /* SceneTableViewCell.m */ = {isa = PBXFileReference; fileEncoding = 4; lastKnownFileType = sourcecode.c.objc; path = SceneTableViewCell.m; sourceTree = "<group>"; };
		DB6DE5181A75C64300DBD7AC /* SpinningCursorView.h */ = {isa = PBXFileReference; fileEncoding = 4; lastKnownFileType = sourcecode.c.h; path = SpinningCursorView.h; sourceTree = "<group>"; };
		DB6DE5191A75C64300DBD7AC /* SpinningCursorView.m */ = {isa = PBXFileReference; fileEncoding = 4; lastKnownFileType = sourcecode.c.objc; path = SpinningCursorView.m; sourceTree = "<group>"; };
		DB6DE51F1A75C6A300DBD7AC /* Scenes.appex */ = {isa = PBXFileReference; explicitFileType = "wrapper.app-extension"; includeInIndex = 0; path = Scenes.appex; sourceTree = BUILT_PRODUCTS_DIR; };
		DB6DE5211A75C6A300DBD7AC /* NotificationCenter.framework */ = {isa = PBXFileReference; lastKnownFileType = wrapper.framework; name = NotificationCenter.framework; path = System/Library/Frameworks/NotificationCenter.framework; sourceTree = SDKROOT; };
		DB6DE5251A75C6A300DBD7AC /* Info.plist */ = {isa = PBXFileReference; lastKnownFileType = text.plist.xml; path = Info.plist; sourceTree = "<group>"; };
		DB6DE5321A75C6AD00DBD7AC /* Scenes.entitlements */ = {isa = PBXFileReference; lastKnownFileType = text.xml; path = Scenes.entitlements; sourceTree = "<group>"; };
		DB6DE5371A75C76400DBD7AC /* ScenesViewController.h */ = {isa = PBXFileReference; fileEncoding = 4; lastKnownFileType = sourcecode.c.h; path = ScenesViewController.h; sourceTree = "<group>"; };
		DB6DE5381A75C76400DBD7AC /* ScenesViewController.m */ = {isa = PBXFileReference; fileEncoding = 4; lastKnownFileType = sourcecode.c.objc; path = ScenesViewController.m; sourceTree = "<group>"; };
		DB6DE5401A75C85D00DBD7AC /* SceneManager.h */ = {isa = PBXFileReference; fileEncoding = 4; lastKnownFileType = sourcecode.c.h; path = SceneManager.h; sourceTree = "<group>"; };
		DB6DE5411A75C85D00DBD7AC /* SceneManager.m */ = {isa = PBXFileReference; fileEncoding = 4; lastKnownFileType = sourcecode.c.objc; path = SceneManager.m; sourceTree = "<group>"; };
		DB6DE5431A75CC2100DBD7AC /* ConfigUtils.h */ = {isa = PBXFileReference; fileEncoding = 4; lastKnownFileType = sourcecode.c.h; path = ConfigUtils.h; sourceTree = "<group>"; };
		DB6DE5441A75CC2100DBD7AC /* ConfigUtils.m */ = {isa = PBXFileReference; fileEncoding = 4; lastKnownFileType = sourcecode.c.objc; path = ConfigUtils.m; sourceTree = "<group>"; };
		DB6DE5511A75F8F200DBD7AC /* ScenesView.h */ = {isa = PBXFileReference; fileEncoding = 4; lastKnownFileType = sourcecode.c.h; path = ScenesView.h; sourceTree = "<group>"; };
		DB6DE5521A75F8F200DBD7AC /* ScenesView.m */ = {isa = PBXFileReference; fileEncoding = 4; lastKnownFileType = sourcecode.c.objc; path = ScenesView.m; sourceTree = "<group>"; };
		DB6DE5551A75F93D00DBD7AC /* SceneView.h */ = {isa = PBXFileReference; fileEncoding = 4; lastKnownFileType = sourcecode.c.h; path = SceneView.h; sourceTree = "<group>"; };
		DB6DE5561A75F93D00DBD7AC /* SceneView.m */ = {isa = PBXFileReference; fileEncoding = 4; lastKnownFileType = sourcecode.c.objc; path = SceneView.m; sourceTree = "<group>"; };
		DB7AA4271B9E30670020F354 /* ErrorInterfaceController.h */ = {isa = PBXFileReference; fileEncoding = 4; lastKnownFileType = sourcecode.c.h; path = ErrorInterfaceController.h; sourceTree = "<group>"; };
		DB7AA4281B9E30670020F354 /* ErrorInterfaceController.m */ = {isa = PBXFileReference; fileEncoding = 4; lastKnownFileType = sourcecode.c.objc; path = ErrorInterfaceController.m; sourceTree = "<group>"; };
		DB8B3D591A6C80FB00EB9A6A /* APIService.h */ = {isa = PBXFileReference; fileEncoding = 4; lastKnownFileType = sourcecode.c.h; path = APIService.h; sourceTree = "<group>"; };
		DB8B3D5A1A6C80FB00EB9A6A /* APIService.m */ = {isa = PBXFileReference; fileEncoding = 4; lastKnownFileType = sourcecode.c.objc; path = APIService.m; sourceTree = "<group>"; };
		DB8B3D5B1A6C80FB00EB9A6A /* APIServiceRequest.h */ = {isa = PBXFileReference; fileEncoding = 4; lastKnownFileType = sourcecode.c.h; path = APIServiceRequest.h; sourceTree = "<group>"; };
		DB8B3D5C1A6C80FB00EB9A6A /* APIServiceRequest.m */ = {isa = PBXFileReference; fileEncoding = 4; lastKnownFileType = sourcecode.c.objc; path = APIServiceRequest.m; sourceTree = "<group>"; };
		DB8B3D601A6CA71F00EB9A6A /* MasterViewController.h */ = {isa = PBXFileReference; fileEncoding = 4; lastKnownFileType = sourcecode.c.h; path = MasterViewController.h; sourceTree = "<group>"; };
		DB8B3D611A6CA71F00EB9A6A /* MasterViewController.m */ = {isa = PBXFileReference; fileEncoding = 4; lastKnownFileType = sourcecode.c.objc; path = MasterViewController.m; sourceTree = "<group>"; };
		DB8B3D671A6CA93C00EB9A6A /* UIColor+Expanded.h */ = {isa = PBXFileReference; fileEncoding = 4; lastKnownFileType = sourcecode.c.h; path = "UIColor+Expanded.h"; sourceTree = "<group>"; };
		DB8B3D681A6CA93C00EB9A6A /* UIColor+Expanded.m */ = {isa = PBXFileReference; fileEncoding = 4; lastKnownFileType = sourcecode.c.objc; path = "UIColor+Expanded.m"; sourceTree = "<group>"; };
		DB8B3D6B1A6CAA5E00EB9A6A /* VeraRemoteControl-Prefix.pch */ = {isa = PBXFileReference; lastKnownFileType = sourcecode.c.h; path = "VeraRemoteControl-Prefix.pch"; sourceTree = SOURCE_ROOT; };
		DB8B3D6C1A6CAC2700EB9A6A /* UIFont_Expanded.h */ = {isa = PBXFileReference; fileEncoding = 4; lastKnownFileType = sourcecode.c.h; path = UIFont_Expanded.h; sourceTree = "<group>"; };
		DB8B3D6D1A6CAC2700EB9A6A /* UIFont_Expanded.m */ = {isa = PBXFileReference; fileEncoding = 4; lastKnownFileType = sourcecode.c.objc; path = UIFont_Expanded.m; sourceTree = "<group>"; };
		DB8B3D6F1A6CAC6300EB9A6A /* DefaultTextFieldDelegate.h */ = {isa = PBXFileReference; fileEncoding = 4; lastKnownFileType = sourcecode.c.h; path = DefaultTextFieldDelegate.h; sourceTree = "<group>"; };
		DB8B3D701A6CAC6300EB9A6A /* DefaultTextFieldDelegate.m */ = {isa = PBXFileReference; fileEncoding = 4; lastKnownFileType = sourcecode.c.objc; path = DefaultTextFieldDelegate.m; sourceTree = "<group>"; };
		DB8B3D721A6CAC8400EB9A6A /* StyleUtils.h */ = {isa = PBXFileReference; fileEncoding = 4; lastKnownFileType = sourcecode.c.h; path = StyleUtils.h; sourceTree = "<group>"; };
		DB8B3D731A6CAC8400EB9A6A /* StyleUtils.m */ = {isa = PBXFileReference; fileEncoding = 4; lastKnownFileType = sourcecode.c.objc; path = StyleUtils.m; sourceTree = "<group>"; };
		DB8B3D751A6CACEA00EB9A6A /* UIFont+DefaultSettings.h */ = {isa = PBXFileReference; fileEncoding = 4; lastKnownFileType = sourcecode.c.h; path = "UIFont+DefaultSettings.h"; sourceTree = "<group>"; };
		DB8B3D761A6CACEA00EB9A6A /* UIFont+DefaultSettings.m */ = {isa = PBXFileReference; fileEncoding = 4; lastKnownFileType = sourcecode.c.objc; path = "UIFont+DefaultSettings.m"; sourceTree = "<group>"; };
		DB8B3D7A1A6CAD6D00EB9A6A /* AsyncImageView.h */ = {isa = PBXFileReference; fileEncoding = 4; lastKnownFileType = sourcecode.c.h; path = AsyncImageView.h; sourceTree = "<group>"; };
		DB8B3D7B1A6CAD6D00EB9A6A /* AsyncImageView.m */ = {isa = PBXFileReference; fileEncoding = 4; lastKnownFileType = sourcecode.c.objc; path = AsyncImageView.m; sourceTree = "<group>"; };
		DB8B3D7D1A6CAD8100EB9A6A /* TableViewCellWithTextField.h */ = {isa = PBXFileReference; fileEncoding = 4; lastKnownFileType = sourcecode.c.h; path = TableViewCellWithTextField.h; sourceTree = "<group>"; };
		DB8B3D7E1A6CAD8100EB9A6A /* TableViewCellWithTextField.m */ = {isa = PBXFileReference; fileEncoding = 4; lastKnownFileType = sourcecode.c.objc; path = TableViewCellWithTextField.m; sourceTree = "<group>"; };
		DB8B3D801A6CAD9700EB9A6A /* DefaultKeyboardAccessoryView.h */ = {isa = PBXFileReference; fileEncoding = 4; lastKnownFileType = sourcecode.c.h; path = DefaultKeyboardAccessoryView.h; sourceTree = "<group>"; };
		DB8B3D811A6CAD9700EB9A6A /* DefaultKeyboardAccessoryView.m */ = {isa = PBXFileReference; fileEncoding = 4; lastKnownFileType = sourcecode.c.objc; path = DefaultKeyboardAccessoryView.m; sourceTree = "<group>"; };
		DB8B3D841A6CAE0700EB9A6A /* CredentialsViewController.h */ = {isa = PBXFileReference; fileEncoding = 4; lastKnownFileType = sourcecode.c.h; path = CredentialsViewController.h; sourceTree = "<group>"; };
		DB8B3D851A6CAE0700EB9A6A /* CredentialsViewController.m */ = {isa = PBXFileReference; fileEncoding = 4; lastKnownFileType = sourcecode.c.objc; path = CredentialsViewController.m; sourceTree = "<group>"; };
		DB8B3D871A6CDF4600EB9A6A /* Buttons.h */ = {isa = PBXFileReference; fileEncoding = 4; lastKnownFileType = sourcecode.c.h; path = Buttons.h; sourceTree = "<group>"; };
		DB8B3D881A6CDF4600EB9A6A /* Buttons.m */ = {isa = PBXFileReference; fileEncoding = 4; lastKnownFileType = sourcecode.c.objc; path = Buttons.m; sourceTree = "<group>"; };
		DB8B3D8A1A6CDF6200EB9A6A /* ImageUtils.h */ = {isa = PBXFileReference; fileEncoding = 4; lastKnownFileType = sourcecode.c.h; path = ImageUtils.h; sourceTree = "<group>"; };
		DB8B3D8B1A6CDF6200EB9A6A /* ImageUtils.m */ = {isa = PBXFileReference; fileEncoding = 4; lastKnownFileType = sourcecode.c.objc; path = ImageUtils.m; sourceTree = "<group>"; };
		DB8B3D8D1A6CE23400EB9A6A /* UIAlertViewWithCallbacks.h */ = {isa = PBXFileReference; fileEncoding = 4; lastKnownFileType = sourcecode.c.h; path = UIAlertViewWithCallbacks.h; sourceTree = "<group>"; };
		DB8B3D8E1A6CE23400EB9A6A /* UIAlertViewWithCallbacks.m */ = {isa = PBXFileReference; fileEncoding = 4; lastKnownFileType = sourcecode.c.objc; path = UIAlertViewWithCallbacks.m; sourceTree = "<group>"; };
		DB8B3D901A6CE39600EB9A6A /* LargeProgressView.h */ = {isa = PBXFileReference; fileEncoding = 4; lastKnownFileType = sourcecode.c.h; path = LargeProgressView.h; sourceTree = "<group>"; };
		DB8B3D911A6CE39600EB9A6A /* LargeProgressView.m */ = {isa = PBXFileReference; fileEncoding = 4; lastKnownFileType = sourcecode.c.objc; path = LargeProgressView.m; sourceTree = "<group>"; };
		DB8B3D931A6CE73900EB9A6A /* ObserverUtils.h */ = {isa = PBXFileReference; fileEncoding = 4; lastKnownFileType = sourcecode.c.h; path = ObserverUtils.h; sourceTree = "<group>"; };
		DB8B3D941A6CE73900EB9A6A /* ObserverUtils.m */ = {isa = PBXFileReference; fileEncoding = 4; lastKnownFileType = sourcecode.c.objc; path = ObserverUtils.m; sourceTree = "<group>"; };
		DB8B3D961A6E1E1700EB9A6A /* VeraDevicesViewController.h */ = {isa = PBXFileReference; fileEncoding = 4; lastKnownFileType = sourcecode.c.h; path = VeraDevicesViewController.h; sourceTree = "<group>"; };
		DB8B3D971A6E1E1700EB9A6A /* VeraDevicesViewController.m */ = {isa = PBXFileReference; fileEncoding = 4; lastKnownFileType = sourcecode.c.objc; path = VeraDevicesViewController.m; sourceTree = "<group>"; };
		DB8B3D991A6E200A00EB9A6A /* DevicesViewController.h */ = {isa = PBXFileReference; fileEncoding = 4; lastKnownFileType = sourcecode.c.h; path = DevicesViewController.h; sourceTree = "<group>"; };
		DB8B3D9A1A6E200A00EB9A6A /* DevicesViewController.m */ = {isa = PBXFileReference; fileEncoding = 4; lastKnownFileType = sourcecode.c.objc; path = DevicesViewController.m; sourceTree = "<group>"; };
		DB8B3DA41A6ED24C00EB9A6A /* VeraDeviceTableViewCell.h */ = {isa = PBXFileReference; fileEncoding = 4; lastKnownFileType = sourcecode.c.h; path = VeraDeviceTableViewCell.h; sourceTree = "<group>"; };
		DB8B3DA51A6ED24C00EB9A6A /* VeraDeviceTableViewCell.m */ = {isa = PBXFileReference; fileEncoding = 4; lastKnownFileType = sourcecode.c.objc; path = VeraDeviceTableViewCell.m; sourceTree = "<group>"; };
		DB8B3DA71A6ED80D00EB9A6A /* dispatch_cancelable_block.h */ = {isa = PBXFileReference; lastKnownFileType = sourcecode.c.h; path = dispatch_cancelable_block.h; sourceTree = "<group>"; };
		DB8B3DA81A6EFEA300EB9A6A /* VeraAccessPoint.h */ = {isa = PBXFileReference; fileEncoding = 4; lastKnownFileType = sourcecode.c.h; path = VeraAccessPoint.h; sourceTree = "<group>"; };
		DB8B3DA91A6EFEA300EB9A6A /* VeraAccessPoint.m */ = {isa = PBXFileReference; fileEncoding = 4; lastKnownFileType = sourcecode.c.objc; path = VeraAccessPoint.m; sourceTree = "<group>"; };
		DB8B3DE41A6F344700EB9A6A /* ControlledDevice.h */ = {isa = PBXFileReference; fileEncoding = 4; lastKnownFileType = sourcecode.c.h; path = ControlledDevice.h; sourceTree = "<group>"; };
		DB8B3DE51A6F344700EB9A6A /* ControlledDevice.m */ = {isa = PBXFileReference; fileEncoding = 4; lastKnownFileType = sourcecode.c.objc; path = ControlledDevice.m; sourceTree = "<group>"; };
		DB8B3DE71A6F349A00EB9A6A /* Room.h */ = {isa = PBXFileReference; fileEncoding = 4; lastKnownFileType = sourcecode.c.h; path = Room.h; sourceTree = "<group>"; };
		DB8B3DE81A6F349A00EB9A6A /* Room.m */ = {isa = PBXFileReference; fileEncoding = 4; lastKnownFileType = sourcecode.c.objc; path = Room.m; sourceTree = "<group>"; };
		DB8B3DF01A7023A000EB9A6A /* DevicesTableSection.h */ = {isa = PBXFileReference; fileEncoding = 4; lastKnownFileType = sourcecode.c.h; path = DevicesTableSection.h; sourceTree = "<group>"; };
		DB8B3DF11A7023A000EB9A6A /* DevicesTableSection.m */ = {isa = PBXFileReference; fileEncoding = 4; lastKnownFileType = sourcecode.c.objc; path = DevicesTableSection.m; sourceTree = "<group>"; };
		DB8B3DFA1A70A29A00EB9A6A /* CircularShapeView.h */ = {isa = PBXFileReference; fileEncoding = 4; lastKnownFileType = sourcecode.c.h; path = CircularShapeView.h; sourceTree = "<group>"; };
		DB8B3DFB1A70A29A00EB9A6A /* CircularShapeView.m */ = {isa = PBXFileReference; fileEncoding = 4; lastKnownFileType = sourcecode.c.objc; path = CircularShapeView.m; sourceTree = "<group>"; };
		DB8B3DFD1A70A5B900EB9A6A /* BinarySwitchTableViewCell.h */ = {isa = PBXFileReference; fileEncoding = 4; lastKnownFileType = sourcecode.c.h; path = BinarySwitchTableViewCell.h; sourceTree = "<group>"; };
		DB8B3DFE1A70A5B900EB9A6A /* BinarySwitchTableViewCell.m */ = {isa = PBXFileReference; fileEncoding = 4; lastKnownFileType = sourcecode.c.objc; path = BinarySwitchTableViewCell.m; sourceTree = "<group>"; };
		DBA646881AFFF4390008046D /* RecordButton.h */ = {isa = PBXFileReference; fileEncoding = 4; lastKnownFileType = sourcecode.c.h; path = RecordButton.h; sourceTree = "<group>"; };
		DBA646891AFFF4390008046D /* RecordButton.m */ = {isa = PBXFileReference; fileEncoding = 4; lastKnownFileType = sourcecode.c.objc; path = RecordButton.m; sourceTree = "<group>"; };
		DBA6468B1B000EB70008046D /* AssetsLibrary.framework */ = {isa = PBXFileReference; lastKnownFileType = wrapper.framework; name = AssetsLibrary.framework; path = System/Library/Frameworks/AssetsLibrary.framework; sourceTree = SDKROOT; };
		DBA6468D1B0023D80008046D /* VideoRecorder.h */ = {isa = PBXFileReference; fileEncoding = 4; lastKnownFileType = sourcecode.c.h; path = VideoRecorder.h; sourceTree = "<group>"; };
		DBA6468E1B0023D80008046D /* VideoRecorder.m */ = {isa = PBXFileReference; fileEncoding = 4; lastKnownFileType = sourcecode.c.objc; path = VideoRecorder.m; sourceTree = "<group>"; };
		DBD8604F1B71BBED00F71664 /* ThermostatTempControlView.h */ = {isa = PBXFileReference; fileEncoding = 4; lastKnownFileType = sourcecode.c.h; path = ThermostatTempControlView.h; sourceTree = "<group>"; };
		DBD860501B71BBED00F71664 /* ThermostatTempControlView.m */ = {isa = PBXFileReference; fileEncoding = 4; lastKnownFileType = sourcecode.c.objc; path = ThermostatTempControlView.m; sourceTree = "<group>"; };
		DBE079691A9AB49D00C40710 /* SecurityCameraTableViewCell.h */ = {isa = PBXFileReference; fileEncoding = 4; lastKnownFileType = sourcecode.c.h; path = SecurityCameraTableViewCell.h; sourceTree = "<group>"; };
		DBE0796A1A9AB49D00C40710 /* SecurityCameraTableViewCell.m */ = {isa = PBXFileReference; fileEncoding = 4; lastKnownFileType = sourcecode.c.objc; path = SecurityCameraTableViewCell.m; sourceTree = "<group>"; };
		DBE0796C1A9AB64F00C40710 /* PropertyInvalidator.h */ = {isa = PBXFileReference; fileEncoding = 4; lastKnownFileType = sourcecode.c.h; path = PropertyInvalidator.h; sourceTree = "<group>"; };
		DBE0796D1A9AB64F00C40710 /* PropertyInvalidator.m */ = {isa = PBXFileReference; fileEncoding = 4; lastKnownFileType = sourcecode.c.objc; path = PropertyInvalidator.m; sourceTree = "<group>"; };
		DBE0796F1A9ABB5B00C40710 /* SecurityCameraViewController.h */ = {isa = PBXFileReference; fileEncoding = 4; lastKnownFileType = sourcecode.c.h; path = SecurityCameraViewController.h; sourceTree = "<group>"; };
		DBE079701A9ABB5B00C40710 /* SecurityCameraViewController.m */ = {isa = PBXFileReference; fileEncoding = 4; lastKnownFileType = sourcecode.c.objc; path = SecurityCameraViewController.m; sourceTree = "<group>"; };
		DBE079721A9ABE4E00C40710 /* SecurityCameraImagePolling.h */ = {isa = PBXFileReference; fileEncoding = 4; lastKnownFileType = sourcecode.c.h; path = SecurityCameraImagePolling.h; sourceTree = "<group>"; };
		DBE079731A9ABE4E00C40710 /* SecurityCameraImagePolling.m */ = {isa = PBXFileReference; fileEncoding = 4; lastKnownFileType = sourcecode.c.objc; path = SecurityCameraImagePolling.m; sourceTree = "<group>"; };
		DBEF8B951A857F2300678F6D /* MotionSensorTableViewCell.h */ = {isa = PBXFileReference; fileEncoding = 4; lastKnownFileType = sourcecode.c.h; path = MotionSensorTableViewCell.h; sourceTree = "<group>"; };
		DBEF8B961A857F2300678F6D /* MotionSensorTableViewCell.m */ = {isa = PBXFileReference; fileEncoding = 4; lastKnownFileType = sourcecode.c.objc; path = MotionSensorTableViewCell.m; sourceTree = "<group>"; };
		DBEF8B981A85AE1400678F6D /* BatteryLevelView.h */ = {isa = PBXFileReference; fileEncoding = 4; lastKnownFileType = sourcecode.c.h; path = BatteryLevelView.h; sourceTree = "<group>"; };
		DBEF8B991A85AE1400678F6D /* BatteryLevelView.m */ = {isa = PBXFileReference; fileEncoding = 4; lastKnownFileType = sourcecode.c.objc; path = BatteryLevelView.m; sourceTree = "<group>"; };
		DBEF8B9C1A85D91F00678F6D /* SettingsViewController.h */ = {isa = PBXFileReference; fileEncoding = 4; lastKnownFileType = sourcecode.c.h; path = SettingsViewController.h; sourceTree = "<group>"; };
		DBEF8B9D1A85D91F00678F6D /* SettingsViewController.m */ = {isa = PBXFileReference; fileEncoding = 4; lastKnownFileType = sourcecode.c.objc; path = SettingsViewController.m; sourceTree = "<group>"; };
		DBEF8B9F1A8931DA00678F6D /* WidgetSettingsViewController.h */ = {isa = PBXFileReference; fileEncoding = 4; lastKnownFileType = sourcecode.c.h; path = WidgetSettingsViewController.h; sourceTree = "<group>"; };
		DBEF8BA01A8931DA00678F6D /* WidgetSettingsViewController.m */ = {isa = PBXFileReference; fileEncoding = 4; lastKnownFileType = sourcecode.c.objc; path = WidgetSettingsViewController.m; sourceTree = "<group>"; };
		DBEF8BA51A89324400678F6D /* TableViewCellWithSwitch.h */ = {isa = PBXFileReference; fileEncoding = 4; lastKnownFileType = sourcecode.c.h; path = TableViewCellWithSwitch.h; sourceTree = "<group>"; };
		DBEF8BA61A89324400678F6D /* TableViewCellWithSwitch.m */ = {isa = PBXFileReference; fileEncoding = 4; lastKnownFileType = sourcecode.c.objc; path = TableViewCellWithSwitch.m; sourceTree = "<group>"; };
		DBFABFE61B854AA300FF6FE4 /* DevicesInterfaceController.h */ = {isa = PBXFileReference; fileEncoding = 4; lastKnownFileType = sourcecode.c.h; path = DevicesInterfaceController.h; sourceTree = "<group>"; };
		DBFABFE71B854AA300FF6FE4 /* DevicesInterfaceController.m */ = {isa = PBXFileReference; fileEncoding = 4; lastKnownFileType = sourcecode.c.objc; path = DevicesInterfaceController.m; sourceTree = "<group>"; };
		DBFABFE91B854B1600FF6FE4 /* DeviceFilter.h */ = {isa = PBXFileReference; fileEncoding = 4; lastKnownFileType = sourcecode.c.h; path = DeviceFilter.h; sourceTree = "<group>"; };
		DBFABFF61B855E9800FF6FE4 /* Vera Remote Control WatchKit Extension.entitlements */ = {isa = PBXFileReference; lastKnownFileType = text.xml; path = "Vera Remote Control WatchKit Extension.entitlements"; sourceTree = "<group>"; };
		DBFABFFB1B8565B400FF6FE4 /* BinarySwitchRowController.h */ = {isa = PBXFileReference; fileEncoding = 4; lastKnownFileType = sourcecode.c.h; path = BinarySwitchRowController.h; sourceTree = "<group>"; };
		DBFABFFC1B8565B400FF6FE4 /* BinarySwitchRowController.m */ = {isa = PBXFileReference; fileEncoding = 4; lastKnownFileType = sourcecode.c.objc; path = BinarySwitchRowController.m; sourceTree = "<group>"; };
		DBFD455A1B4E3A8B004B90D8 /* Binder.h */ = {isa = PBXFileReference; fileEncoding = 4; lastKnownFileType = sourcecode.c.h; path = Binder.h; sourceTree = "<group>"; };
		DBFD455B1B4E3A8B004B90D8 /* Binder.m */ = {isa = PBXFileReference; fileEncoding = 4; lastKnownFileType = sourcecode.c.objc; path = Binder.m; sourceTree = "<group>"; };
/* End PBXFileReference section */

/* Begin PBXFrameworksBuildPhase section */
		DB4F67641B85446F0032C21F /* Frameworks */ = {
			isa = PBXFrameworksBuildPhase;
			buildActionMask = 2147483647;
			files = (
			);
			runOnlyForDeploymentPostprocessing = 0;
		};
		DB68509A1A6C6D1100CE4DAA /* Frameworks */ = {
			isa = PBXFrameworksBuildPhase;
			buildActionMask = 2147483647;
			files = (
				DB6C3E9F1B7E5FA000C23EF0 /* MessageUI.framework in Frameworks */,
				DB29E0491B26929A002E09DD /* iAd.framework in Frameworks */,
				DB29E0441B266453002E09DD /* StoreKit.framework in Frameworks */,
				DBA6468C1B000EB70008046D /* AssetsLibrary.framework in Frameworks */,
				DB6850D01A6C6F8800CE4DAA /* Security.framework in Frameworks */,
			);
			runOnlyForDeploymentPostprocessing = 0;
		};
		DB6850B31A6C6D1100CE4DAA /* Frameworks */ = {
			isa = PBXFrameworksBuildPhase;
			buildActionMask = 2147483647;
			files = (
			);
			runOnlyForDeploymentPostprocessing = 0;
		};
		DB6DE51C1A75C6A300DBD7AC /* Frameworks */ = {
			isa = PBXFrameworksBuildPhase;
			buildActionMask = 2147483647;
			files = (
				DB6DE5221A75C6A300DBD7AC /* NotificationCenter.framework in Frameworks */,
			);
			runOnlyForDeploymentPostprocessing = 0;
		};
/* End PBXFrameworksBuildPhase section */

/* Begin PBXGroup section */
		DB29E04D1B26A5DF002E09DD /* Views */ = {
			isa = PBXGroup;
			children = (
				DB29E04E1B26A5FE002E09DD /* TipJarSectionHeaderView.h */,
				DB29E04F1B26A5FE002E09DD /* TipJarSectionHeaderView.m */,
			);
			name = Views;
			sourceTree = "<group>";
		};
		DB4F67681B85446F0032C21F /* Vera Remote Control WatchKit Extension */ = {
			isa = PBXGroup;
			children = (
				DBFABFF81B85610500FF6FE4 /* Managers */,
				DBFABFF71B8560F500FF6FE4 /* View Controller */,
				DBFABFF61B855E9800FF6FE4 /* Vera Remote Control WatchKit Extension.entitlements */,
				DB4F676E1B85446F0032C21F /* Images.xcassets */,
				DB4F67691B85446F0032C21F /* Supporting Files */,
			);
			path = "Vera Remote Control WatchKit Extension";
			sourceTree = "<group>";
		};
		DB4F67691B85446F0032C21F /* Supporting Files */ = {
			isa = PBXGroup;
			children = (
				DB4F676A1B85446F0032C21F /* Info.plist */,
			);
			name = "Supporting Files";
			sourceTree = "<group>";
		};
		DB4F67761B85446F0032C21F /* Vera Remote Control WatchKit App */ = {
			isa = PBXGroup;
			children = (
				DB1AA3D01B8581CC008B76C6 /* Images.xcassets */,
				DB4F67871B85469C0032C21F /* WatchApp.storyboard */,
				DB4F67771B85446F0032C21F /* Supporting Files */,
			);
			path = "Vera Remote Control WatchKit App";
			sourceTree = "<group>";
		};
		DB4F67771B85446F0032C21F /* Supporting Files */ = {
			isa = PBXGroup;
			children = (
				DB4F67951B8549140032C21F /* Info.plist */,
			);
			name = "Supporting Files";
			sourceTree = "<group>";
		};
		DB6850941A6C6D1100CE4DAA = {
			isa = PBXGroup;
			children = (
				DB6850CF1A6C6F8800CE4DAA /* Security.framework */,
				DB6850B91A6C6D1100CE4DAA /* Vera Remote ControlTests */,
				DB68509F1A6C6D1100CE4DAA /* Vera Remote Control */,
				DB6DE5231A75C6A300DBD7AC /* Scenes Extension */,
				DB4F67681B85446F0032C21F /* Vera Remote Control WatchKit Extension */,
				DB4F67761B85446F0032C21F /* Vera Remote Control WatchKit App */,
				DB6DE5201A75C6A300DBD7AC /* Frameworks */,
				DB68509E1A6C6D1100CE4DAA /* Products */,
			);
			sourceTree = "<group>";
		};
		DB68509E1A6C6D1100CE4DAA /* Products */ = {
			isa = PBXGroup;
			children = (
				DB68509D1A6C6D1100CE4DAA /* Vera Remote Control.app */,
				DB6850B61A6C6D1100CE4DAA /* Vera Remote ControlTests.xctest */,
				DB6DE51F1A75C6A300DBD7AC /* Scenes.appex */,
				DB4F67671B85446F0032C21F /* Vera Remote Control WatchKit Extension.appex */,
				DB4F67721B85446F0032C21F /* Vera Remote Control WatchKit App.app */,
			);
			name = Products;
			sourceTree = "<group>";
		};
		DB68509F1A6C6D1100CE4DAA /* Vera Remote Control */ = {
			isa = PBXGroup;
			children = (
				DB8B3D781A6CAD5A00EB9A6A /* Shared */,
				DB8B3D661A6CA92000EB9A6A /* Utils */,
				DB8B3D5F1A6CA6FF00EB9A6A /* View Controllers */,
				DB6850D71A6C786200CE4DAA /* Service */,
				DB6850CB1A6C6E9600CE4DAA /* Model */,
				DB6850CA1A6C6E7E00CE4DAA /* Managers */,
				DB6850C61A6C6D3900CE4DAA /* Vera Remote Control.entitlements */,
				DB6850A41A6C6D1100CE4DAA /* AppDelegate.h */,
				DB6850A51A6C6D1100CE4DAA /* AppDelegate.m */,
				DB6850AD1A6C6D1100CE4DAA /* Images.xcassets */,
				DB6850AF1A6C6D1100CE4DAA /* LaunchScreen.xib */,
				DB6850A01A6C6D1100CE4DAA /* Supporting Files */,
			);
			path = "Vera Remote Control";
			sourceTree = "<group>";
		};
		DB6850A01A6C6D1100CE4DAA /* Supporting Files */ = {
			isa = PBXGroup;
			children = (
				DB8B3D6B1A6CAA5E00EB9A6A /* VeraRemoteControl-Prefix.pch */,
				DB6850A11A6C6D1100CE4DAA /* Info.plist */,
				DB6850A21A6C6D1100CE4DAA /* main.m */,
			);
			name = "Supporting Files";
			sourceTree = "<group>";
		};
		DB6850B91A6C6D1100CE4DAA /* Vera Remote ControlTests */ = {
			isa = PBXGroup;
			children = (
				DB6850BC1A6C6D1100CE4DAA /* Vera_Remote_ControlTests.m */,
				DB6850BA1A6C6D1100CE4DAA /* Supporting Files */,
			);
			path = "Vera Remote ControlTests";
			sourceTree = "<group>";
		};
		DB6850BA1A6C6D1100CE4DAA /* Supporting Files */ = {
			isa = PBXGroup;
			children = (
				DB6850BB1A6C6D1100CE4DAA /* Info.plist */,
			);
			name = "Supporting Files";
			sourceTree = "<group>";
		};
		DB6850CA1A6C6E7E00CE4DAA /* Managers */ = {
			isa = PBXGroup;
			children = (
				DB6850CC1A6C6F2A00CE4DAA /* DeviceManager.h */,
				DB6850CD1A6C6F2A00CE4DAA /* DeviceManager.m */,
				DB6AC0DC1A8C4A1700AE9607 /* MainAppWidgetSettingsManager.h */,
				DB6AC0DD1A8C4A1700AE9607 /* MainAppWidgetSettingsManager.m */,
				DB29E0451B26846F002E09DD /* ProductManager.h */,
				DB29E0461B26846F002E09DD /* ProductManager.m */,
				DB6C3EA51B7E66A500C23EF0 /* AppNavigationManager.h */,
				DB6C3EA61B7E66A500C23EF0 /* AppNavigationManager.m */,
			);
			name = Managers;
			sourceTree = "<group>";
		};
		DB6850CB1A6C6E9600CE4DAA /* Model */ = {
			isa = PBXGroup;
			children = (
				DB6850D11A6C702800CE4DAA /* VeraDevice.h */,
				DB6850D21A6C702800CE4DAA /* VeraDevice.m */,
				DB6850D41A6C715500CE4DAA /* JSONSerializable.h */,
				DB8B3DA81A6EFEA300EB9A6A /* VeraAccessPoint.h */,
				DB8B3DA91A6EFEA300EB9A6A /* VeraAccessPoint.m */,
				DB8B3DE41A6F344700EB9A6A /* ControlledDevice.h */,
				DB8B3DE51A6F344700EB9A6A /* ControlledDevice.m */,
				DB8B3DE71A6F349A00EB9A6A /* Room.h */,
				DB8B3DE81A6F349A00EB9A6A /* Room.m */,
				DB50DC001A72F1360053110E /* AccessConfig.h */,
				DB50DC011A72F1360053110E /* AccessConfig.m */,
				DBFABFE91B854B1600FF6FE4 /* DeviceFilter.h */,
			);
			name = Model;
			sourceTree = "<group>";
		};
		DB6850D71A6C786200CE4DAA /* Service */ = {
			isa = PBXGroup;
			children = (
				DB8B3D591A6C80FB00EB9A6A /* APIService.h */,
				DB8B3D5A1A6C80FB00EB9A6A /* APIService.m */,
				DB8B3D5B1A6C80FB00EB9A6A /* APIServiceRequest.h */,
				DB8B3D5C1A6C80FB00EB9A6A /* APIServiceRequest.m */,
			);
			name = Service;
			sourceTree = "<group>";
		};
		DB6DE5201A75C6A300DBD7AC /* Frameworks */ = {
			isa = PBXGroup;
			children = (
				DB6C3E9E1B7E5FA000C23EF0 /* MessageUI.framework */,
				DB29E0481B26929A002E09DD /* iAd.framework */,
				DB29E0431B266453002E09DD /* StoreKit.framework */,
				DBA6468B1B000EB70008046D /* AssetsLibrary.framework */,
				DB6DE5211A75C6A300DBD7AC /* NotificationCenter.framework */,
			);
			name = Frameworks;
			sourceTree = "<group>";
		};
		DB6DE5231A75C6A300DBD7AC /* Scenes Extension */ = {
			isa = PBXGroup;
			children = (
				DB6DE53F1A75C84300DBD7AC /* Manager */,
				DB6DE5361A75C72F00DBD7AC /* View Controllers */,
				DB6DE5321A75C6AD00DBD7AC /* Scenes.entitlements */,
				DB6DE5241A75C6A300DBD7AC /* Supporting Files */,
			);
			name = "Scenes Extension";
			path = Scenes;
			sourceTree = "<group>";
		};
		DB6DE5241A75C6A300DBD7AC /* Supporting Files */ = {
			isa = PBXGroup;
			children = (
				DB6DE5251A75C6A300DBD7AC /* Info.plist */,
			);
			name = "Supporting Files";
			sourceTree = "<group>";
		};
		DB6DE5361A75C72F00DBD7AC /* View Controllers */ = {
			isa = PBXGroup;
			children = (
				DB6DE5501A75F8E400DBD7AC /* Views */,
				DB6DE5371A75C76400DBD7AC /* ScenesViewController.h */,
				DB6DE5381A75C76400DBD7AC /* ScenesViewController.m */,
			);
			name = "View Controllers";
			sourceTree = "<group>";
		};
		DB6DE53F1A75C84300DBD7AC /* Manager */ = {
			isa = PBXGroup;
			children = (
				DB6DE5401A75C85D00DBD7AC /* SceneManager.h */,
				DB6DE5411A75C85D00DBD7AC /* SceneManager.m */,
			);
			name = Manager;
			sourceTree = "<group>";
		};
		DB6DE5501A75F8E400DBD7AC /* Views */ = {
			isa = PBXGroup;
			children = (
				DB6DE5511A75F8F200DBD7AC /* ScenesView.h */,
				DB6DE5521A75F8F200DBD7AC /* ScenesView.m */,
				DB6DE5551A75F93D00DBD7AC /* SceneView.h */,
				DB6DE5561A75F93D00DBD7AC /* SceneView.m */,
			);
			name = Views;
			sourceTree = "<group>";
		};
		DB8B3D5F1A6CA6FF00EB9A6A /* View Controllers */ = {
			isa = PBXGroup;
			children = (
				DBEF8B9B1A85D8FE00678F6D /* Settings */,
				DB8B3DED1A701DBB00EB9A6A /* Devices */,
				DB8B3D9F1A6EC1C400EB9A6A /* Vera Devices */,
				DB8B3D831A6CADE700EB9A6A /* Initial Config */,
				DB8B3D601A6CA71F00EB9A6A /* MasterViewController.h */,
				DB8B3D611A6CA71F00EB9A6A /* MasterViewController.m */,
			);
			name = "View Controllers";
			sourceTree = "<group>";
		};
		DB8B3D661A6CA92000EB9A6A /* Utils */ = {
			isa = PBXGroup;
			children = (
				DB8B3DA71A6ED80D00EB9A6A /* dispatch_cancelable_block.h */,
				DB50DC061A72FC240053110E /* FaultUtils.h */,
				DB50DC071A72FC240053110E /* FaultUtils.m */,
				DB8B3D721A6CAC8400EB9A6A /* StyleUtils.h */,
				DB8B3D731A6CAC8400EB9A6A /* StyleUtils.m */,
				DB8B3D6F1A6CAC6300EB9A6A /* DefaultTextFieldDelegate.h */,
				DB8B3D701A6CAC6300EB9A6A /* DefaultTextFieldDelegate.m */,
				DB8B3D751A6CACEA00EB9A6A /* UIFont+DefaultSettings.h */,
				DB8B3D761A6CACEA00EB9A6A /* UIFont+DefaultSettings.m */,
				DB8B3D6C1A6CAC2700EB9A6A /* UIFont_Expanded.h */,
				DB8B3D6D1A6CAC2700EB9A6A /* UIFont_Expanded.m */,
				DB8B3D671A6CA93C00EB9A6A /* UIColor+Expanded.h */,
				DB8B3D681A6CA93C00EB9A6A /* UIColor+Expanded.m */,
				DB8B3D8A1A6CDF6200EB9A6A /* ImageUtils.h */,
				DB8B3D8B1A6CDF6200EB9A6A /* ImageUtils.m */,
				DB8B3D931A6CE73900EB9A6A /* ObserverUtils.h */,
				DB8B3D941A6CE73900EB9A6A /* ObserverUtils.m */,
				DB6DE5431A75CC2100DBD7AC /* ConfigUtils.h */,
				DB6DE5441A75CC2100DBD7AC /* ConfigUtils.m */,
				DB1D01401A78A3CF005EB05F /* DevicePolling.h */,
				DB1D01411A78A3CF005EB05F /* DevicePolling.m */,
				DB6AC0D91A8C467400AE9607 /* WidgetSettingsUtils.h */,
				DB6AC0DA1A8C467400AE9607 /* WidgetSettingsUtils.m */,
				DBE0796C1A9AB64F00C40710 /* PropertyInvalidator.h */,
				DBE0796D1A9AB64F00C40710 /* PropertyInvalidator.m */,
				DBE079721A9ABE4E00C40710 /* SecurityCameraImagePolling.h */,
				DBE079731A9ABE4E00C40710 /* SecurityCameraImagePolling.m */,
				DBFD455A1B4E3A8B004B90D8 /* Binder.h */,
				DBFD455B1B4E3A8B004B90D8 /* Binder.m */,
			);
			name = Utils;
			sourceTree = "<group>";
		};
		DB8B3D781A6CAD5A00EB9A6A /* Shared */ = {
			isa = PBXGroup;
			children = (
				DBEF8BA91A8936F400678F6D /* Managers */,
				DB8B3D791A6CAD6100EB9A6A /* Views */,
				DB6C3EAD1B7E74BB00C23EF0 /* UIViewController+DeepLinking.h */,
				DB6C3EAE1B7E74BB00C23EF0 /* UIViewController+DeepLinking.m */,
			);
			name = Shared;
			sourceTree = "<group>";
		};
		DB8B3D791A6CAD6100EB9A6A /* Views */ = {
			isa = PBXGroup;
			children = (
				DB6DE5181A75C64300DBD7AC /* SpinningCursorView.h */,
				DB6DE5191A75C64300DBD7AC /* SpinningCursorView.m */,
				DB8B3D7A1A6CAD6D00EB9A6A /* AsyncImageView.h */,
				DB8B3D7B1A6CAD6D00EB9A6A /* AsyncImageView.m */,
				DB8B3D7D1A6CAD8100EB9A6A /* TableViewCellWithTextField.h */,
				DB8B3D7E1A6CAD8100EB9A6A /* TableViewCellWithTextField.m */,
				DB8B3D801A6CAD9700EB9A6A /* DefaultKeyboardAccessoryView.h */,
				DB8B3D811A6CAD9700EB9A6A /* DefaultKeyboardAccessoryView.m */,
				DB8B3D871A6CDF4600EB9A6A /* Buttons.h */,
				DB8B3D881A6CDF4600EB9A6A /* Buttons.m */,
				DB8B3D8D1A6CE23400EB9A6A /* UIAlertViewWithCallbacks.h */,
				DB8B3D8E1A6CE23400EB9A6A /* UIAlertViewWithCallbacks.m */,
				DB8B3D901A6CE39600EB9A6A /* LargeProgressView.h */,
				DB8B3D911A6CE39600EB9A6A /* LargeProgressView.m */,
				DBEF8BA51A89324400678F6D /* TableViewCellWithSwitch.h */,
				DBEF8BA61A89324400678F6D /* TableViewCellWithSwitch.m */,
			);
			name = Views;
			sourceTree = "<group>";
		};
		DB8B3D831A6CADE700EB9A6A /* Initial Config */ = {
			isa = PBXGroup;
			children = (
				DB8B3D841A6CAE0700EB9A6A /* CredentialsViewController.h */,
				DB8B3D851A6CAE0700EB9A6A /* CredentialsViewController.m */,
			);
			name = "Initial Config";
			sourceTree = "<group>";
		};
		DB8B3D9F1A6EC1C400EB9A6A /* Vera Devices */ = {
			isa = PBXGroup;
			children = (
				DB8B3DA01A6EC1D500EB9A6A /* Views */,
				DB8B3D961A6E1E1700EB9A6A /* VeraDevicesViewController.h */,
				DB8B3D971A6E1E1700EB9A6A /* VeraDevicesViewController.m */,
			);
			name = "Vera Devices";
			sourceTree = "<group>";
		};
		DB8B3DA01A6EC1D500EB9A6A /* Views */ = {
			isa = PBXGroup;
			children = (
				DB8B3DA41A6ED24C00EB9A6A /* VeraDeviceTableViewCell.h */,
				DB8B3DA51A6ED24C00EB9A6A /* VeraDeviceTableViewCell.m */,
			);
			name = Views;
			sourceTree = "<group>";
		};
		DB8B3DED1A701DBB00EB9A6A /* Devices */ = {
			isa = PBXGroup;
			children = (
				DB8B3DEF1A70238200EB9A6A /* Helper Classes */,
				DB8B3DEE1A701DFB00EB9A6A /* Views */,
				DB8B3D991A6E200A00EB9A6A /* DevicesViewController.h */,
				DB8B3D9A1A6E200A00EB9A6A /* DevicesViewController.m */,
				DB50DC0C1A733CB60053110E /* ScenesViewController.h */,
				DB50DC0D1A733CB60053110E /* ScenesViewController.m */,
				DBE0796F1A9ABB5B00C40710 /* SecurityCameraViewController.h */,
				DBE079701A9ABB5B00C40710 /* SecurityCameraViewController.m */,
			);
			name = Devices;
			sourceTree = "<group>";
		};
		DB8B3DEE1A701DFB00EB9A6A /* Views */ = {
			isa = PBXGroup;
			children = (
				DB8B3DFA1A70A29A00EB9A6A /* CircularShapeView.h */,
				DB8B3DFB1A70A29A00EB9A6A /* CircularShapeView.m */,
				DB8B3DFD1A70A5B900EB9A6A /* BinarySwitchTableViewCell.h */,
				DB8B3DFE1A70A5B900EB9A6A /* BinarySwitchTableViewCell.m */,
				DB50DBFA1A7176570053110E /* DimmableSwitchTableViewCell.h */,
				DB50DBFB1A7176570053110E /* DimmableSwitchTableViewCell.m */,
				DB6DE50C1A73477D00DBD7AC /* SceneTableViewCell.h */,
				DB6DE50D1A73477D00DBD7AC /* SceneTableViewCell.m */,
				DB04DB601A827B090036A873 /* SensorTableViewCell.h */,
				DB04DB611A827B090036A873 /* SensorTableViewCell.m */,
				DBEF8B951A857F2300678F6D /* MotionSensorTableViewCell.h */,
				DBEF8B961A857F2300678F6D /* MotionSensorTableViewCell.m */,
				DBEF8B981A85AE1400678F6D /* BatteryLevelView.h */,
				DBEF8B991A85AE1400678F6D /* BatteryLevelView.m */,
				DBE079691A9AB49D00C40710 /* SecurityCameraTableViewCell.h */,
				DBE0796A1A9AB49D00C40710 /* SecurityCameraTableViewCell.m */,
				DBA646881AFFF4390008046D /* RecordButton.h */,
				DBA646891AFFF4390008046D /* RecordButton.m */,
				DB316C7A1B64301800A0AD58 /* ThermostatTableViewCell.h */,
				DB316C7B1B64301800A0AD58 /* ThermostatTableViewCell.m */,
				DB316C7D1B66004400A0AD58 /* ThermostatControlButton.h */,
				DB316C7E1B66004400A0AD58 /* ThermostatControlButton.m */,
				DB316C861B660E2200A0AD58 /* UISegmentedControlWithVerticalLayout.h */,
				DB316C871B660E2200A0AD58 /* UISegmentedControlWithVerticalLayout.m */,
				DBD8604F1B71BBED00F71664 /* ThermostatTempControlView.h */,
				DBD860501B71BBED00F71664 /* ThermostatTempControlView.m */,
			);
			name = Views;
			sourceTree = "<group>";
		};
		DB8B3DEF1A70238200EB9A6A /* Helper Classes */ = {
			isa = PBXGroup;
			children = (
				DB8B3DF01A7023A000EB9A6A /* DevicesTableSection.h */,
				DB8B3DF11A7023A000EB9A6A /* DevicesTableSection.m */,
				DBA6468D1B0023D80008046D /* VideoRecorder.h */,
				DBA6468E1B0023D80008046D /* VideoRecorder.m */,
			);
			name = "Helper Classes";
			sourceTree = "<group>";
		};
		DBEF8B9B1A85D8FE00678F6D /* Settings */ = {
			isa = PBXGroup;
			children = (
				DB29E04D1B26A5DF002E09DD /* Views */,
				DBEF8B9C1A85D91F00678F6D /* SettingsViewController.h */,
				DBEF8B9D1A85D91F00678F6D /* SettingsViewController.m */,
				DBEF8B9F1A8931DA00678F6D /* WidgetSettingsViewController.h */,
				DBEF8BA01A8931DA00678F6D /* WidgetSettingsViewController.m */,
				DB29E04A1B26A20F002E09DD /* TipJarViewControllerTableViewController.h */,
				DB29E04B1B26A20F002E09DD /* TipJarViewControllerTableViewController.m */,
			);
			name = Settings;
			sourceTree = "<group>";
		};
		DBEF8BA91A8936F400678F6D /* Managers */ = {
			isa = PBXGroup;
			children = (
			);
			name = Managers;
			sourceTree = "<group>";
		};
		DBFABFF71B8560F500FF6FE4 /* View Controller */ = {
			isa = PBXGroup;
			children = (
				DBFABFFA1B85659100FF6FE4 /* Row Controllers */,
				DBFABFE61B854AA300FF6FE4 /* DevicesInterfaceController.h */,
				DBFABFE71B854AA300FF6FE4 /* DevicesInterfaceController.m */,
				DB7AA4271B9E30670020F354 /* ErrorInterfaceController.h */,
				DB7AA4281B9E30670020F354 /* ErrorInterfaceController.m */,
			);
			name = "View Controller";
			sourceTree = "<group>";
		};
		DBFABFF81B85610500FF6FE4 /* Managers */ = {
			isa = PBXGroup;
			children = (
			);
			name = Managers;
			sourceTree = "<group>";
		};
		DBFABFFA1B85659100FF6FE4 /* Row Controllers */ = {
			isa = PBXGroup;
			children = (
				DBFABFFB1B8565B400FF6FE4 /* BinarySwitchRowController.h */,
				DBFABFFC1B8565B400FF6FE4 /* BinarySwitchRowController.m */,
				DB64BC261B85705E00D9F147 /* DimmableSwitchRowController.h */,
				DB64BC271B85705E00D9F147 /* DimmableSwitchRowController.m */,
			);
			name = "Row Controllers";
			sourceTree = "<group>";
		};
/* End PBXGroup section */

/* Begin PBXNativeTarget section */
		DB4F67661B85446F0032C21F /* Vera Remote Control WatchKit Extension */ = {
			isa = PBXNativeTarget;
			buildConfigurationList = DB4F67841B85446F0032C21F /* Build configuration list for PBXNativeTarget "Vera Remote Control WatchKit Extension" */;
			buildPhases = (
				DB4F67631B85446F0032C21F /* Sources */,
				DB4F67641B85446F0032C21F /* Frameworks */,
				DB4F67651B85446F0032C21F /* Resources */,
			);
			buildRules = (
			);
			dependencies = (
				DB4F67751B85446F0032C21F /* PBXTargetDependency */,
			);
			name = "Vera Remote Control WatchKit Extension";
			productName = "Vera Remote Control WatchKit Extension";
			productReference = DB4F67671B85446F0032C21F /* Vera Remote Control WatchKit Extension.appex */;
			productType = "com.apple.product-type.watchkit-extension";
		};
		DB4F67711B85446F0032C21F /* Vera Remote Control WatchKit App */ = {
			isa = PBXNativeTarget;
			buildConfigurationList = DB4F67811B85446F0032C21F /* Build configuration list for PBXNativeTarget "Vera Remote Control WatchKit App" */;
			buildPhases = (
				DB4F67701B85446F0032C21F /* Resources */,
			);
			buildRules = (
			);
			dependencies = (
			);
			name = "Vera Remote Control WatchKit App";
			productName = "Vera Remote Control WatchKit App";
			productReference = DB4F67721B85446F0032C21F /* Vera Remote Control WatchKit App.app */;
			productType = "com.apple.product-type.application.watchapp";
		};
		DB68509C1A6C6D1100CE4DAA /* Vera Remote Control */ = {
			isa = PBXNativeTarget;
			buildConfigurationList = DB6850C01A6C6D1100CE4DAA /* Build configuration list for PBXNativeTarget "Vera Remote Control" */;
			buildPhases = (
				DB6850991A6C6D1100CE4DAA /* Sources */,
				DB68509A1A6C6D1100CE4DAA /* Frameworks */,
				DB68509B1A6C6D1100CE4DAA /* Resources */,
				DB6DE5311A75C6A300DBD7AC /* Embed App Extensions */,
			);
			buildRules = (
			);
			dependencies = (
				DB6DE52C1A75C6A300DBD7AC /* PBXTargetDependency */,
				DB4F677F1B85446F0032C21F /* PBXTargetDependency */,
			);
			name = "Vera Remote Control";
			productName = "Vera Remote Control";
			productReference = DB68509D1A6C6D1100CE4DAA /* Vera Remote Control.app */;
			productType = "com.apple.product-type.application";
		};
		DB6850B51A6C6D1100CE4DAA /* Vera Remote ControlTests */ = {
			isa = PBXNativeTarget;
			buildConfigurationList = DB6850C31A6C6D1100CE4DAA /* Build configuration list for PBXNativeTarget "Vera Remote ControlTests" */;
			buildPhases = (
				DB6850B21A6C6D1100CE4DAA /* Sources */,
				DB6850B31A6C6D1100CE4DAA /* Frameworks */,
				DB6850B41A6C6D1100CE4DAA /* Resources */,
			);
			buildRules = (
			);
			dependencies = (
				DB6850B81A6C6D1100CE4DAA /* PBXTargetDependency */,
			);
			name = "Vera Remote ControlTests";
			productName = "Vera Remote ControlTests";
			productReference = DB6850B61A6C6D1100CE4DAA /* Vera Remote ControlTests.xctest */;
			productType = "com.apple.product-type.bundle.unit-test";
		};
		DB6DE51E1A75C6A300DBD7AC /* Scenes */ = {
			isa = PBXNativeTarget;
			buildConfigurationList = DB6DE52E1A75C6A300DBD7AC /* Build configuration list for PBXNativeTarget "Scenes" */;
			buildPhases = (
				DB6DE51B1A75C6A300DBD7AC /* Sources */,
				DB6DE51C1A75C6A300DBD7AC /* Frameworks */,
				DB6DE51D1A75C6A300DBD7AC /* Resources */,
			);
			buildRules = (
			);
			dependencies = (
			);
			name = Scenes;
			productName = Scenes;
			productReference = DB6DE51F1A75C6A300DBD7AC /* Scenes.appex */;
			productType = "com.apple.product-type.app-extension";
		};
/* End PBXNativeTarget section */

/* Begin PBXProject section */
		DB6850951A6C6D1100CE4DAA /* Project object */ = {
			isa = PBXProject;
			attributes = {
				LastUpgradeCheck = 0640;
				ORGANIZATIONNAME = "Dmitry Miller";
				TargetAttributes = {
					DB4F67661B85446F0032C21F = {
						CreatedOnToolsVersion = 6.4;
						DevelopmentTeam = 8X8RX9P5TW;
						SystemCapabilities = {
							com.apple.ApplicationGroups.iOS = {
								enabled = 1;
							};
						};
					};
					DB4F67711B85446F0032C21F = {
						CreatedOnToolsVersion = 6.4;
						DevelopmentTeam = 8X8RX9P5TW;
					};
					DB68509C1A6C6D1100CE4DAA = {
						CreatedOnToolsVersion = 6.2;
						DevelopmentTeam = 8X8RX9P5TW;
						SystemCapabilities = {
							com.apple.ApplicationGroups.iOS = {
								enabled = 1;
							};
							com.apple.InAppPurchase = {
								enabled = 1;
							};
						};
					};
					DB6850B51A6C6D1100CE4DAA = {
						CreatedOnToolsVersion = 6.2;
						TestTargetID = DB68509C1A6C6D1100CE4DAA;
					};
					DB6DE51E1A75C6A300DBD7AC = {
						CreatedOnToolsVersion = 6.2;
						DevelopmentTeam = 8X8RX9P5TW;
						SystemCapabilities = {
							com.apple.ApplicationGroups.iOS = {
								enabled = 1;
							};
						};
					};
				};
			};
			buildConfigurationList = DB6850981A6C6D1100CE4DAA /* Build configuration list for PBXProject "Vera Remote Control" */;
			compatibilityVersion = "Xcode 3.2";
			developmentRegion = English;
			hasScannedForEncodings = 0;
			knownRegions = (
				en,
				Base,
			);
			mainGroup = DB6850941A6C6D1100CE4DAA;
			productRefGroup = DB68509E1A6C6D1100CE4DAA /* Products */;
			projectDirPath = "";
			projectRoot = "";
			targets = (
				DB68509C1A6C6D1100CE4DAA /* Vera Remote Control */,
				DB6850B51A6C6D1100CE4DAA /* Vera Remote ControlTests */,
				DB6DE51E1A75C6A300DBD7AC /* Scenes */,
				DB4F67661B85446F0032C21F /* Vera Remote Control WatchKit Extension */,
				DB4F67711B85446F0032C21F /* Vera Remote Control WatchKit App */,
			);
		};
/* End PBXProject section */

/* Begin PBXResourcesBuildPhase section */
		DB4F67651B85446F0032C21F /* Resources */ = {
			isa = PBXResourcesBuildPhase;
			buildActionMask = 2147483647;
			files = (
				DB4F67731B85446F0032C21F /* Vera Remote Control WatchKit App.app in Resources */,
				DB4F676F1B85446F0032C21F /* Images.xcassets in Resources */,
			);
			runOnlyForDeploymentPostprocessing = 0;
		};
		DB4F67701B85446F0032C21F /* Resources */ = {
			isa = PBXResourcesBuildPhase;
			buildActionMask = 2147483647;
			files = (
				DB4F67881B85469C0032C21F /* WatchApp.storyboard in Resources */,
				DB1AA3D11B8581CC008B76C6 /* Images.xcassets in Resources */,
			);
			runOnlyForDeploymentPostprocessing = 0;
		};
		DB68509B1A6C6D1100CE4DAA /* Resources */ = {
			isa = PBXResourcesBuildPhase;
			buildActionMask = 2147483647;
			files = (
				DB6850B11A6C6D1100CE4DAA /* LaunchScreen.xib in Resources */,
				DB6850AE1A6C6D1100CE4DAA /* Images.xcassets in Resources */,
			);
			runOnlyForDeploymentPostprocessing = 0;
		};
		DB6850B41A6C6D1100CE4DAA /* Resources */ = {
			isa = PBXResourcesBuildPhase;
			buildActionMask = 2147483647;
			files = (
			);
			runOnlyForDeploymentPostprocessing = 0;
		};
		DB6DE51D1A75C6A300DBD7AC /* Resources */ = {
			isa = PBXResourcesBuildPhase;
			buildActionMask = 2147483647;
			files = (
			);
			runOnlyForDeploymentPostprocessing = 0;
		};
/* End PBXResourcesBuildPhase section */

/* Begin PBXSourcesBuildPhase section */
		DB4F67631B85446F0032C21F /* Sources */ = {
			isa = PBXSourcesBuildPhase;
			buildActionMask = 2147483647;
			files = (
				DBFABFF31B854E1000FF6FE4 /* Room.m in Sources */,
				DBFABFEF1B854DE200FF6FE4 /* APIService.m in Sources */,
				DBFAC0001B85698000FF6FE4 /* PropertyInvalidator.m in Sources */,
				DB4F67931B8548AB0032C21F /* AccessConfig.m in Sources */,
				DB7AA4291B9E30670020F354 /* ErrorInterfaceController.m in Sources */,
				DBFABFFD1B8565B400FF6FE4 /* BinarySwitchRowController.m in Sources */,
				DBFABFF01B854DEB00FF6FE4 /* APIServiceRequest.m in Sources */,
				DBFABFF41B854E1A00FF6FE4 /* SecurityCameraImagePolling.m in Sources */,
				DBFABFF21B854E0100FF6FE4 /* DevicePolling.m in Sources */,
				DBFABFFE1B85668B00FF6FE4 /* Binder.m in Sources */,
				DBFABFF51B854E2100FF6FE4 /* VeraAccessPoint.m in Sources */,
				DB64BC281B85705E00D9F147 /* DimmableSwitchRowController.m in Sources */,
				DBFABFFF1B85674E00FF6FE4 /* ObserverUtils.m in Sources */,
				DBFABFED1B854DB500FF6FE4 /* VeraDevice.m in Sources */,
				DBFABFEC1B854BCE00FF6FE4 /* DeviceManager.m in Sources */,
				DBFABFEE1B854DC500FF6FE4 /* ControlledDevice.m in Sources */,
				DBFABFE81B854AA300FF6FE4 /* DevicesInterfaceController.m in Sources */,
				DBFABFF11B854DF200FF6FE4 /* ConfigUtils.m in Sources */,
			);
			runOnlyForDeploymentPostprocessing = 0;
		};
		DB6850991A6C6D1100CE4DAA /* Sources */ = {
			isa = PBXSourcesBuildPhase;
			buildActionMask = 2147483647;
			files = (
				DB8B3D9B1A6E200A00EB9A6A /* DevicesViewController.m in Sources */,
				DB8B3D5D1A6C80FB00EB9A6A /* APIService.m in Sources */,
				DBE079711A9ABB5B00C40710 /* SecurityCameraViewController.m in Sources */,
				DB8B3D7F1A6CAD8100EB9A6A /* TableViewCellWithTextField.m in Sources */,
				DB8B3D981A6E1E1700EB9A6A /* VeraDevicesViewController.m in Sources */,
				DB8B3D891A6CDF4600EB9A6A /* Buttons.m in Sources */,
				DB8B3D951A6CE73900EB9A6A /* ObserverUtils.m in Sources */,
				DBFD455C1B4E3A8B004B90D8 /* Binder.m in Sources */,
				DB6AC0DB1A8C467400AE9607 /* WidgetSettingsUtils.m in Sources */,
				DB8B3D821A6CAD9700EB9A6A /* DefaultKeyboardAccessoryView.m in Sources */,
				DB8B3D861A6CAE0700EB9A6A /* CredentialsViewController.m in Sources */,
				DB6C3EAF1B7E74BB00C23EF0 /* UIViewController+DeepLinking.m in Sources */,
				DB6DE5531A75F8F200DBD7AC /* ScenesView.m in Sources */,
				DB29E0501B26A5FE002E09DD /* TipJarSectionHeaderView.m in Sources */,
				DB8B3DE61A6F344700EB9A6A /* ControlledDevice.m in Sources */,
				DB50DC0E1A733CB60053110E /* ScenesViewController.m in Sources */,
				DBA6468F1B0023D80008046D /* VideoRecorder.m in Sources */,
				DB8B3D5E1A6C80FB00EB9A6A /* APIServiceRequest.m in Sources */,
				DB316C881B660E2200A0AD58 /* UISegmentedControlWithVerticalLayout.m in Sources */,
				DB1D01421A78A3CF005EB05F /* DevicePolling.m in Sources */,
				DBEF8BA11A8931DA00678F6D /* WidgetSettingsViewController.m in Sources */,
				DB8B3D8F1A6CE23400EB9A6A /* UIAlertViewWithCallbacks.m in Sources */,
				DB8B3D741A6CAC8400EB9A6A /* StyleUtils.m in Sources */,
				DBA6468A1AFFF4390008046D /* RecordButton.m in Sources */,
				DB6DE5451A75CC2100DBD7AC /* ConfigUtils.m in Sources */,
				DB6850D31A6C702800CE4DAA /* VeraDevice.m in Sources */,
				DBEF8B971A857F2300678F6D /* MotionSensorTableViewCell.m in Sources */,
				DBE0796E1A9AB64F00C40710 /* PropertyInvalidator.m in Sources */,
				DB316C7F1B66004400A0AD58 /* ThermostatControlButton.m in Sources */,
				DBEF8B9A1A85AE1400678F6D /* BatteryLevelView.m in Sources */,
				DBEF8B9E1A85D91F00678F6D /* SettingsViewController.m in Sources */,
				DB6DE51A1A75C64300DBD7AC /* SpinningCursorView.m in Sources */,
				DB50DBFC1A7176570053110E /* DimmableSwitchTableViewCell.m in Sources */,
				DB8B3D921A6CE39600EB9A6A /* LargeProgressView.m in Sources */,
				DB8B3DA61A6ED24C00EB9A6A /* VeraDeviceTableViewCell.m in Sources */,
				DB8B3DAA1A6EFEA300EB9A6A /* VeraAccessPoint.m in Sources */,
				DB50DC021A72F1360053110E /* AccessConfig.m in Sources */,
				DB8B3DFF1A70A5B900EB9A6A /* BinarySwitchTableViewCell.m in Sources */,
				DB8B3D621A6CA71F00EB9A6A /* MasterViewController.m in Sources */,
				DBE079741A9ABE4E00C40710 /* SecurityCameraImagePolling.m in Sources */,
				DB8B3D711A6CAC6300EB9A6A /* DefaultTextFieldDelegate.m in Sources */,
				DB6850CE1A6C6F2A00CE4DAA /* DeviceManager.m in Sources */,
				DB6850A61A6C6D1100CE4DAA /* AppDelegate.m in Sources */,
				DB8B3D691A6CA93C00EB9A6A /* UIColor+Expanded.m in Sources */,
				DBD860511B71BBED00F71664 /* ThermostatTempControlView.m in Sources */,
				DB50DC081A72FC240053110E /* FaultUtils.m in Sources */,
				DB8B3DE91A6F349A00EB9A6A /* Room.m in Sources */,
				DB29E0471B26846F002E09DD /* ProductManager.m in Sources */,
				DB04DB621A827B090036A873 /* SensorTableViewCell.m in Sources */,
				DB316C7C1B64301800A0AD58 /* ThermostatTableViewCell.m in Sources */,
				DB8B3DFC1A70A29A00EB9A6A /* CircularShapeView.m in Sources */,
				DB29E04C1B26A20F002E09DD /* TipJarViewControllerTableViewController.m in Sources */,
				DB8B3D7C1A6CAD6D00EB9A6A /* AsyncImageView.m in Sources */,
				DB8B3D771A6CACEA00EB9A6A /* UIFont+DefaultSettings.m in Sources */,
				DB6C3EA71B7E66A500C23EF0 /* AppNavigationManager.m in Sources */,
				DB8B3D8C1A6CDF6200EB9A6A /* ImageUtils.m in Sources */,
				DB8B3D6E1A6CAC2700EB9A6A /* UIFont_Expanded.m in Sources */,
				DBEF8BA71A89324400678F6D /* TableViewCellWithSwitch.m in Sources */,
				DBE0796B1A9AB49D00C40710 /* SecurityCameraTableViewCell.m in Sources */,
				DB6DE50E1A73477D00DBD7AC /* SceneTableViewCell.m in Sources */,
				DB6850A31A6C6D1100CE4DAA /* main.m in Sources */,
				DB8B3DF21A7023A000EB9A6A /* DevicesTableSection.m in Sources */,
				DB6DE5571A75F93D00DBD7AC /* SceneView.m in Sources */,
				DB6AC0DE1A8C4A1700AE9607 /* MainAppWidgetSettingsManager.m in Sources */,
			);
			runOnlyForDeploymentPostprocessing = 0;
		};
		DB6850B21A6C6D1100CE4DAA /* Sources */ = {
			isa = PBXSourcesBuildPhase;
			buildActionMask = 2147483647;
			files = (
				DB6850BD1A6C6D1100CE4DAA /* Vera_Remote_ControlTests.m in Sources */,
			);
			runOnlyForDeploymentPostprocessing = 0;
		};
		DB6DE51B1A75C6A300DBD7AC /* Sources */ = {
			isa = PBXSourcesBuildPhase;
			buildActionMask = 2147483647;
			files = (
				DB55ADAC1A7615D7004175CF /* UIColor+Expanded.m in Sources */,
				DB6DE5541A75F92700DBD7AC /* SpinningCursorView.m in Sources */,
				DB6DE5491A75D88C00DBD7AC /* FaultUtils.m in Sources */,
				DB6AC0DF1A8C4CF000AE9607 /* MainAppWidgetSettingsManager.m in Sources */,
				DB6DE53E1A75C79200DBD7AC /* Room.m in Sources */,
				DB1D01431A78A581005EB05F /* DevicePolling.m in Sources */,
				DB6DE55B1A76048D00DBD7AC /* UIFont_Expanded.m in Sources */,
				DB6DE55A1A75FD1000DBD7AC /* ScenesView.m in Sources */,
				DB6DE54F1A75DBA400DBD7AC /* APIServiceRequest.m in Sources */,
				DB6DE54E1A75DB9E00DBD7AC /* APIService.m in Sources */,
				DB6DE53D1A75C78F00DBD7AC /* AccessConfig.m in Sources */,
				DB6DE53B1A75C78800DBD7AC /* VeraAccessPoint.m in Sources */,
				DB6DE5481A75D86200DBD7AC /* ObserverUtils.m in Sources */,
				DB6DE53A1A75C76C00DBD7AC /* ScenesViewController.m in Sources */,
				DB6DE5581A75F9C700DBD7AC /* CircularShapeView.m in Sources */,
				DB6AC0E01A8C4D2900AE9607 /* WidgetSettingsUtils.m in Sources */,
				DB6DE53C1A75C78C00DBD7AC /* ControlledDevice.m in Sources */,
				DB6DE5471A75D85E00DBD7AC /* VeraDevice.m in Sources */,
				DB6DE54D1A75DB7A00DBD7AC /* SceneManager.m in Sources */,
				DB6DE5461A75D85600DBD7AC /* ConfigUtils.m in Sources */,
				DB6DE5591A75FD0D00DBD7AC /* SceneView.m in Sources */,
			);
			runOnlyForDeploymentPostprocessing = 0;
		};
/* End PBXSourcesBuildPhase section */

/* Begin PBXTargetDependency section */
		DB4F67751B85446F0032C21F /* PBXTargetDependency */ = {
			isa = PBXTargetDependency;
			target = DB4F67711B85446F0032C21F /* Vera Remote Control WatchKit App */;
			targetProxy = DB4F67741B85446F0032C21F /* PBXContainerItemProxy */;
		};
		DB4F677F1B85446F0032C21F /* PBXTargetDependency */ = {
			isa = PBXTargetDependency;
			target = DB4F67661B85446F0032C21F /* Vera Remote Control WatchKit Extension */;
			targetProxy = DB4F677E1B85446F0032C21F /* PBXContainerItemProxy */;
		};
		DB6850B81A6C6D1100CE4DAA /* PBXTargetDependency */ = {
			isa = PBXTargetDependency;
			target = DB68509C1A6C6D1100CE4DAA /* Vera Remote Control */;
			targetProxy = DB6850B71A6C6D1100CE4DAA /* PBXContainerItemProxy */;
		};
		DB6DE52C1A75C6A300DBD7AC /* PBXTargetDependency */ = {
			isa = PBXTargetDependency;
			target = DB6DE51E1A75C6A300DBD7AC /* Scenes */;
			targetProxy = DB6DE52B1A75C6A300DBD7AC /* PBXContainerItemProxy */;
		};
/* End PBXTargetDependency section */

/* Begin PBXVariantGroup section */
		DB6850AF1A6C6D1100CE4DAA /* LaunchScreen.xib */ = {
			isa = PBXVariantGroup;
			children = (
				DB6850B01A6C6D1100CE4DAA /* Base */,
			);
			name = LaunchScreen.xib;
			sourceTree = "<group>";
		};
/* End PBXVariantGroup section */

/* Begin XCBuildConfiguration section */
		DB4F67821B85446F0032C21F /* Debug */ = {
			isa = XCBuildConfiguration;
			buildSettings = {
				ASSETCATALOG_COMPILER_APPICON_NAME = AppIcon;
				CODE_SIGN_IDENTITY = "iPhone Developer";
				DEBUG_INFORMATION_FORMAT = "dwarf-with-dsym";
				GCC_NO_COMMON_BLOCKS = YES;
				GCC_PREPROCESSOR_DEFINITIONS = (
					"DEBUG=1",
					"$(inherited)",
				);
				IBSC_MODULE = Vera_Remote_Control_WatchKit_Extension;
				INFOPLIST_FILE = "Vera Remote Control WatchKit App/Info.plist";
				IPHONEOS_DEPLOYMENT_TARGET = 8.2;
				PRODUCT_NAME = "$(TARGET_NAME)";
				SKIP_INSTALL = YES;
				TARGETED_DEVICE_FAMILY = 4;
				"TARGETED_DEVICE_FAMILY[sdk=iphonesimulator*]" = "1,4";
			};
			name = Debug;
		};
		DB4F67831B85446F0032C21F /* Release */ = {
			isa = XCBuildConfiguration;
			buildSettings = {
				ASSETCATALOG_COMPILER_APPICON_NAME = AppIcon;
				CODE_SIGN_IDENTITY = "iPhone Developer";
				DEBUG_INFORMATION_FORMAT = "dwarf-with-dsym";
				GCC_NO_COMMON_BLOCKS = YES;
				IBSC_MODULE = Vera_Remote_Control_WatchKit_Extension;
				INFOPLIST_FILE = "Vera Remote Control WatchKit App/Info.plist";
				IPHONEOS_DEPLOYMENT_TARGET = 8.2;
				PRODUCT_NAME = "$(TARGET_NAME)";
				SKIP_INSTALL = YES;
				TARGETED_DEVICE_FAMILY = 4;
				"TARGETED_DEVICE_FAMILY[sdk=iphonesimulator*]" = "1,4";
			};
			name = Release;
		};
		DB4F67851B85446F0032C21F /* Debug */ = {
			isa = XCBuildConfiguration;
			buildSettings = {
				CODE_SIGN_ENTITLEMENTS = "Vera Remote Control WatchKit Extension/Vera Remote Control WatchKit Extension.entitlements";
				CODE_SIGN_IDENTITY = "iPhone Developer";
				"CODE_SIGN_IDENTITY[sdk=iphoneos*]" = "iPhone Developer";
				DEBUG_INFORMATION_FORMAT = "dwarf-with-dsym";
				GCC_NO_COMMON_BLOCKS = YES;
				GCC_PREPROCESSOR_DEFINITIONS = (
					"DEBUG=1",
					"$(inherited)",
				);
				INFOPLIST_FILE = "Vera Remote Control WatchKit Extension/Info.plist";
				IPHONEOS_DEPLOYMENT_TARGET = 8.2;
				LD_RUNPATH_SEARCH_PATHS = "$(inherited) @executable_path/Frameworks @executable_path/../../Frameworks";
				OTHER_CFLAGS = "";
				"OTHER_CFLAGS[arch=*]" = "-DWATCH=1";
				PRODUCT_NAME = "${TARGET_NAME}";
				PROVISIONING_PROFILE = "";
				SKIP_INSTALL = YES;
			};
			name = Debug;
		};
		DB4F67861B85446F0032C21F /* Release */ = {
			isa = XCBuildConfiguration;
			buildSettings = {
				CODE_SIGN_ENTITLEMENTS = "Vera Remote Control WatchKit Extension/Vera Remote Control WatchKit Extension.entitlements";
				CODE_SIGN_IDENTITY = "iPhone Developer";
				"CODE_SIGN_IDENTITY[sdk=iphoneos*]" = "iPhone Developer";
				DEBUG_INFORMATION_FORMAT = "dwarf-with-dsym";
				GCC_NO_COMMON_BLOCKS = YES;
				INFOPLIST_FILE = "Vera Remote Control WatchKit Extension/Info.plist";
				IPHONEOS_DEPLOYMENT_TARGET = 8.2;
				LD_RUNPATH_SEARCH_PATHS = "$(inherited) @executable_path/Frameworks @executable_path/../../Frameworks";
				"OTHER_CFLAGS[arch=*]" = "-DWATCH=1";
				PRODUCT_NAME = "${TARGET_NAME}";
				PROVISIONING_PROFILE = "";
				SKIP_INSTALL = YES;
			};
			name = Release;
		};
		DB6850BE1A6C6D1100CE4DAA /* Debug */ = {
			isa = XCBuildConfiguration;
			buildSettings = {
				ALWAYS_SEARCH_USER_PATHS = NO;
				CLANG_CXX_LANGUAGE_STANDARD = "gnu++0x";
				CLANG_CXX_LIBRARY = "libc++";
				CLANG_ENABLE_MODULES = YES;
				CLANG_ENABLE_OBJC_ARC = YES;
				CLANG_WARN_BOOL_CONVERSION = YES;
				CLANG_WARN_CONSTANT_CONVERSION = YES;
				CLANG_WARN_DIRECT_OBJC_ISA_USAGE = YES_ERROR;
				CLANG_WARN_EMPTY_BODY = YES;
				CLANG_WARN_ENUM_CONVERSION = YES;
				CLANG_WARN_INT_CONVERSION = YES;
				CLANG_WARN_OBJC_ROOT_CLASS = YES_ERROR;
				CLANG_WARN_UNREACHABLE_CODE = YES;
				CLANG_WARN__DUPLICATE_METHOD_MATCH = YES;
				CODE_SIGN_IDENTITY = "iPhone Developer";
				"CODE_SIGN_IDENTITY[sdk=iphoneos*]" = "iPhone Developer";
				COPY_PHASE_STRIP = NO;
				ENABLE_STRICT_OBJC_MSGSEND = YES;
				GCC_C_LANGUAGE_STANDARD = gnu99;
				GCC_DYNAMIC_NO_PIC = NO;
				GCC_OPTIMIZATION_LEVEL = 0;
				GCC_PREPROCESSOR_DEFINITIONS = (
					"DEBUG=1",
					"$(inherited)",
				);
				"GCC_PREPROCESSOR_DEFINITIONS_NOT_USED_IN_PRECOMPS[arch=*]" = "";
				GCC_SYMBOLS_PRIVATE_EXTERN = NO;
				GCC_WARN_64_TO_32_BIT_CONVERSION = YES;
				GCC_WARN_ABOUT_RETURN_TYPE = YES_ERROR;
				GCC_WARN_UNDECLARED_SELECTOR = YES;
				GCC_WARN_UNINITIALIZED_AUTOS = YES_AGGRESSIVE;
				GCC_WARN_UNUSED_FUNCTION = YES;
				GCC_WARN_UNUSED_VARIABLE = YES;
				IPHONEOS_DEPLOYMENT_TARGET = 8.4;
				MTL_ENABLE_DEBUG_INFO = YES;
				ONLY_ACTIVE_ARCH = YES;
				SDKROOT = iphoneos;
			};
			name = Debug;
		};
		DB6850BF1A6C6D1100CE4DAA /* Release */ = {
			isa = XCBuildConfiguration;
			buildSettings = {
				ALWAYS_SEARCH_USER_PATHS = NO;
				CLANG_CXX_LANGUAGE_STANDARD = "gnu++0x";
				CLANG_CXX_LIBRARY = "libc++";
				CLANG_ENABLE_MODULES = YES;
				CLANG_ENABLE_OBJC_ARC = YES;
				CLANG_WARN_BOOL_CONVERSION = YES;
				CLANG_WARN_CONSTANT_CONVERSION = YES;
				CLANG_WARN_DIRECT_OBJC_ISA_USAGE = YES_ERROR;
				CLANG_WARN_EMPTY_BODY = YES;
				CLANG_WARN_ENUM_CONVERSION = YES;
				CLANG_WARN_INT_CONVERSION = YES;
				CLANG_WARN_OBJC_ROOT_CLASS = YES_ERROR;
				CLANG_WARN_UNREACHABLE_CODE = YES;
				CLANG_WARN__DUPLICATE_METHOD_MATCH = YES;
				CODE_SIGN_IDENTITY = "iPhone Distribution";
				"CODE_SIGN_IDENTITY[sdk=iphoneos*]" = "iPhone Developer";
				COPY_PHASE_STRIP = NO;
				ENABLE_NS_ASSERTIONS = NO;
				ENABLE_STRICT_OBJC_MSGSEND = YES;
				GCC_C_LANGUAGE_STANDARD = gnu99;
				GCC_WARN_64_TO_32_BIT_CONVERSION = YES;
				GCC_WARN_ABOUT_RETURN_TYPE = YES_ERROR;
				GCC_WARN_UNDECLARED_SELECTOR = YES;
				GCC_WARN_UNINITIALIZED_AUTOS = YES_AGGRESSIVE;
				GCC_WARN_UNUSED_FUNCTION = YES;
				GCC_WARN_UNUSED_VARIABLE = YES;
				IPHONEOS_DEPLOYMENT_TARGET = 8.4;
				MTL_ENABLE_DEBUG_INFO = NO;
				SDKROOT = iphoneos;
				VALIDATE_PRODUCT = YES;
			};
			name = Release;
		};
		DB6850C11A6C6D1100CE4DAA /* Debug */ = {
			isa = XCBuildConfiguration;
			buildSettings = {
				ASSETCATALOG_COMPILER_APPICON_NAME = AppIcon;
				CODE_SIGN_ENTITLEMENTS = "Vera Remote Control/Vera Remote Control.entitlements";
				CODE_SIGN_IDENTITY = "iPhone Developer";
				"CODE_SIGN_IDENTITY[sdk=iphoneos*]" = "iPhone Developer";
				GCC_PRECOMPILE_PREFIX_HEADER = YES;
				GCC_PREFIX_HEADER = "VeraRemoteControl-Prefix.pch";
				INFOPLIST_FILE = "Vera Remote Control/Info.plist";
				IPHONEOS_DEPLOYMENT_TARGET = 8.2;
				LD_RUNPATH_SEARCH_PATHS = "$(inherited) @executable_path/Frameworks";
				PRODUCT_NAME = "$(TARGET_NAME)";
				PROVISIONING_PROFILE = "";
			};
			name = Debug;
		};
		DB6850C21A6C6D1100CE4DAA /* Release */ = {
			isa = XCBuildConfiguration;
			buildSettings = {
				ASSETCATALOG_COMPILER_APPICON_NAME = AppIcon;
				CODE_SIGN_ENTITLEMENTS = "Vera Remote Control/Vera Remote Control.entitlements";
				CODE_SIGN_IDENTITY = "iPhone Developer";
				"CODE_SIGN_IDENTITY[sdk=iphoneos*]" = "iPhone Developer";
				GCC_PRECOMPILE_PREFIX_HEADER = YES;
				GCC_PREFIX_HEADER = "VeraRemoteControl-Prefix.pch";
				INFOPLIST_FILE = "Vera Remote Control/Info.plist";
				IPHONEOS_DEPLOYMENT_TARGET = 8.2;
				LD_RUNPATH_SEARCH_PATHS = "$(inherited) @executable_path/Frameworks";
				PRODUCT_NAME = "$(TARGET_NAME)";
				PROVISIONING_PROFILE = "";
			};
			name = Release;
		};
		DB6850C41A6C6D1100CE4DAA /* Debug */ = {
			isa = XCBuildConfiguration;
			buildSettings = {
				BUNDLE_LOADER = "$(TEST_HOST)";
				FRAMEWORK_SEARCH_PATHS = (
					"$(SDKROOT)/Developer/Library/Frameworks",
					"$(inherited)",
				);
				GCC_PREPROCESSOR_DEFINITIONS = (
					"DEBUG=1",
					"$(inherited)",
				);
				INFOPLIST_FILE = "Vera Remote ControlTests/Info.plist";
				LD_RUNPATH_SEARCH_PATHS = "$(inherited) @executable_path/Frameworks @loader_path/Frameworks";
				PRODUCT_NAME = "$(TARGET_NAME)";
				TEST_HOST = "$(BUILT_PRODUCTS_DIR)/Vera Remote Control.app/Vera Remote Control";
			};
			name = Debug;
		};
		DB6850C51A6C6D1100CE4DAA /* Release */ = {
			isa = XCBuildConfiguration;
			buildSettings = {
				BUNDLE_LOADER = "$(TEST_HOST)";
				FRAMEWORK_SEARCH_PATHS = (
					"$(SDKROOT)/Developer/Library/Frameworks",
					"$(inherited)",
				);
				INFOPLIST_FILE = "Vera Remote ControlTests/Info.plist";
				LD_RUNPATH_SEARCH_PATHS = "$(inherited) @executable_path/Frameworks @loader_path/Frameworks";
				PRODUCT_NAME = "$(TARGET_NAME)";
				TEST_HOST = "$(BUILT_PRODUCTS_DIR)/Vera Remote Control.app/Vera Remote Control";
			};
			name = Release;
		};
		DB6DE52F1A75C6A300DBD7AC /* Debug */ = {
			isa = XCBuildConfiguration;
			buildSettings = {
				CODE_SIGN_ENTITLEMENTS = Scenes/Scenes.entitlements;
				CODE_SIGN_IDENTITY = "iPhone Developer";
				"CODE_SIGN_IDENTITY[sdk=iphoneos*]" = "iPhone Developer";
				GCC_PREPROCESSOR_DEFINITIONS = (
					"DEBUG=1",
					"$(inherited)",
					"IS_EXTENSION=1",
				);
				INFOPLIST_FILE = Scenes/Info.plist;
				IPHONEOS_DEPLOYMENT_TARGET = 8.1;
				LD_RUNPATH_SEARCH_PATHS = "$(inherited) @executable_path/Frameworks @executable_path/../../Frameworks";
				PRODUCT_NAME = "$(TARGET_NAME)";
				PROVISIONING_PROFILE = "";
				SKIP_INSTALL = YES;
			};
			name = Debug;
		};
		DB6DE5301A75C6A300DBD7AC /* Release */ = {
			isa = XCBuildConfiguration;
			buildSettings = {
				CODE_SIGN_ENTITLEMENTS = Scenes/Scenes.entitlements;
				CODE_SIGN_IDENTITY = "iPhone Developer";
				"CODE_SIGN_IDENTITY[sdk=iphoneos*]" = "iPhone Developer";
				GCC_PREPROCESSOR_DEFINITIONS = "IS_EXTENSION=1";
				INFOPLIST_FILE = Scenes/Info.plist;
				IPHONEOS_DEPLOYMENT_TARGET = 8.1;
				LD_RUNPATH_SEARCH_PATHS = "$(inherited) @executable_path/Frameworks @executable_path/../../Frameworks";
				PRODUCT_NAME = "$(TARGET_NAME)";
				PROVISIONING_PROFILE = "";
				SKIP_INSTALL = YES;
			};
			name = Release;
		};
/* End XCBuildConfiguration section */

/* Begin XCConfigurationList section */
		DB4F67811B85446F0032C21F /* Build configuration list for PBXNativeTarget "Vera Remote Control WatchKit App" */ = {
			isa = XCConfigurationList;
			buildConfigurations = (
				DB4F67821B85446F0032C21F /* Debug */,
				DB4F67831B85446F0032C21F /* Release */,
			);
			defaultConfigurationIsVisible = 0;
			defaultConfigurationName = Release;
		};
		DB4F67841B85446F0032C21F /* Build configuration list for PBXNativeTarget "Vera Remote Control WatchKit Extension" */ = {
			isa = XCConfigurationList;
			buildConfigurations = (
				DB4F67851B85446F0032C21F /* Debug */,
				DB4F67861B85446F0032C21F /* Release */,
			);
			defaultConfigurationIsVisible = 0;
			defaultConfigurationName = Release;
		};
		DB6850981A6C6D1100CE4DAA /* Build configuration list for PBXProject "Vera Remote Control" */ = {
			isa = XCConfigurationList;
			buildConfigurations = (
				DB6850BE1A6C6D1100CE4DAA /* Debug */,
				DB6850BF1A6C6D1100CE4DAA /* Release */,
			);
			defaultConfigurationIsVisible = 0;
			defaultConfigurationName = Release;
		};
		DB6850C01A6C6D1100CE4DAA /* Build configuration list for PBXNativeTarget "Vera Remote Control" */ = {
			isa = XCConfigurationList;
			buildConfigurations = (
				DB6850C11A6C6D1100CE4DAA /* Debug */,
				DB6850C21A6C6D1100CE4DAA /* Release */,
			);
			defaultConfigurationIsVisible = 0;
			defaultConfigurationName = Release;
		};
		DB6850C31A6C6D1100CE4DAA /* Build configuration list for PBXNativeTarget "Vera Remote ControlTests" */ = {
			isa = XCConfigurationList;
			buildConfigurations = (
				DB6850C41A6C6D1100CE4DAA /* Debug */,
				DB6850C51A6C6D1100CE4DAA /* Release */,
			);
			defaultConfigurationIsVisible = 0;
			defaultConfigurationName = Release;
		};
		DB6DE52E1A75C6A300DBD7AC /* Build configuration list for PBXNativeTarget "Scenes" */ = {
			isa = XCConfigurationList;
			buildConfigurations = (
				DB6DE52F1A75C6A300DBD7AC /* Debug */,
				DB6DE5301A75C6A300DBD7AC /* Release */,
			);
			defaultConfigurationIsVisible = 0;
			defaultConfigurationName = Release;
		};
/* End XCConfigurationList section */
	};
	rootObject = DB6850951A6C6D1100CE4DAA /* Project object */;
}
