// !$*UTF8*$!
{
	archiveVersion = 1;
	classes = {
	};
	objectVersion = 46;
	objects = {

/* Begin PBXBuildFile section */
		DB50DBFC1A7176570053110E /* DimmableSwitchTableViewCell.m in Sources */ = {isa = PBXBuildFile; fileRef = DB50DBFB1A7176570053110E /* DimmableSwitchTableViewCell.m */; };
		DB50DC021A72F1360053110E /* AccessConfig.m in Sources */ = {isa = PBXBuildFile; fileRef = DB50DC011A72F1360053110E /* AccessConfig.m */; };
		DB50DC081A72FC240053110E /* FaultUtils.m in Sources */ = {isa = PBXBuildFile; fileRef = DB50DC071A72FC240053110E /* FaultUtils.m */; };
		DB50DC0E1A733CB60053110E /* ScenesViewController.m in Sources */ = {isa = PBXBuildFile; fileRef = DB50DC0D1A733CB60053110E /* ScenesViewController.m */; };
		DB6850A31A6C6D1100CE4DAA /* main.m in Sources */ = {isa = PBXBuildFile; fileRef = DB6850A21A6C6D1100CE4DAA /* main.m */; };
		DB6850A61A6C6D1100CE4DAA /* AppDelegate.m in Sources */ = {isa = PBXBuildFile; fileRef = DB6850A51A6C6D1100CE4DAA /* AppDelegate.m */; };
		DB6850AE1A6C6D1100CE4DAA /* Images.xcassets in Resources */ = {isa = PBXBuildFile; fileRef = DB6850AD1A6C6D1100CE4DAA /* Images.xcassets */; };
		DB6850B11A6C6D1100CE4DAA /* LaunchScreen.xib in Resources */ = {isa = PBXBuildFile; fileRef = DB6850AF1A6C6D1100CE4DAA /* LaunchScreen.xib */; };
		DB6850BD1A6C6D1100CE4DAA /* Vera_Remote_ControlTests.m in Sources */ = {isa = PBXBuildFile; fileRef = DB6850BC1A6C6D1100CE4DAA /* Vera_Remote_ControlTests.m */; };
		DB6850CE1A6C6F2A00CE4DAA /* DeviceManager.m in Sources */ = {isa = PBXBuildFile; fileRef = DB6850CD1A6C6F2A00CE4DAA /* DeviceManager.m */; };
		DB6850D01A6C6F8800CE4DAA /* Security.framework in Frameworks */ = {isa = PBXBuildFile; fileRef = DB6850CF1A6C6F8800CE4DAA /* Security.framework */; };
		DB6850D31A6C702800CE4DAA /* VeraDevice.m in Sources */ = {isa = PBXBuildFile; fileRef = DB6850D21A6C702800CE4DAA /* VeraDevice.m */; };
		DB6DE50E1A73477D00DBD7AC /* SceneTableViewCell.m in Sources */ = {isa = PBXBuildFile; fileRef = DB6DE50D1A73477D00DBD7AC /* SceneTableViewCell.m */; };
		DB6DE51A1A75C64300DBD7AC /* SpinningCursorView.m in Sources */ = {isa = PBXBuildFile; fileRef = DB6DE5191A75C64300DBD7AC /* SpinningCursorView.m */; };
		DB8B3D5D1A6C80FB00EB9A6A /* APIService.m in Sources */ = {isa = PBXBuildFile; fileRef = DB8B3D5A1A6C80FB00EB9A6A /* APIService.m */; };
		DB8B3D5E1A6C80FB00EB9A6A /* APIServiceRequest.m in Sources */ = {isa = PBXBuildFile; fileRef = DB8B3D5C1A6C80FB00EB9A6A /* APIServiceRequest.m */; };
		DB8B3D621A6CA71F00EB9A6A /* MasterViewController.m in Sources */ = {isa = PBXBuildFile; fileRef = DB8B3D611A6CA71F00EB9A6A /* MasterViewController.m */; };
		DB8B3D691A6CA93C00EB9A6A /* UIColor+Expanded.m in Sources */ = {isa = PBXBuildFile; fileRef = DB8B3D681A6CA93C00EB9A6A /* UIColor+Expanded.m */; };
		DB8B3D6E1A6CAC2700EB9A6A /* UIFont_Expanded.m in Sources */ = {isa = PBXBuildFile; fileRef = DB8B3D6D1A6CAC2700EB9A6A /* UIFont_Expanded.m */; };
		DB8B3D711A6CAC6300EB9A6A /* DefaultTextFieldDelegate.m in Sources */ = {isa = PBXBuildFile; fileRef = DB8B3D701A6CAC6300EB9A6A /* DefaultTextFieldDelegate.m */; };
		DB8B3D741A6CAC8400EB9A6A /* StyleUtils.m in Sources */ = {isa = PBXBuildFile; fileRef = DB8B3D731A6CAC8400EB9A6A /* StyleUtils.m */; };
		DB8B3D771A6CACEA00EB9A6A /* UIFont+DefaultSettings.m in Sources */ = {isa = PBXBuildFile; fileRef = DB8B3D761A6CACEA00EB9A6A /* UIFont+DefaultSettings.m */; };
		DB8B3D7C1A6CAD6D00EB9A6A /* AsyncImageView.m in Sources */ = {isa = PBXBuildFile; fileRef = DB8B3D7B1A6CAD6D00EB9A6A /* AsyncImageView.m */; };
		DB8B3D7F1A6CAD8100EB9A6A /* TableViewCellWithTextField.m in Sources */ = {isa = PBXBuildFile; fileRef = DB8B3D7E1A6CAD8100EB9A6A /* TableViewCellWithTextField.m */; };
		DB8B3D821A6CAD9700EB9A6A /* DefaultKeyboardAccessoryView.m in Sources */ = {isa = PBXBuildFile; fileRef = DB8B3D811A6CAD9700EB9A6A /* DefaultKeyboardAccessoryView.m */; };
		DB8B3D861A6CAE0700EB9A6A /* CredentialsViewController.m in Sources */ = {isa = PBXBuildFile; fileRef = DB8B3D851A6CAE0700EB9A6A /* CredentialsViewController.m */; };
		DB8B3D891A6CDF4600EB9A6A /* Buttons.m in Sources */ = {isa = PBXBuildFile; fileRef = DB8B3D881A6CDF4600EB9A6A /* Buttons.m */; };
		DB8B3D8C1A6CDF6200EB9A6A /* ImageUtils.m in Sources */ = {isa = PBXBuildFile; fileRef = DB8B3D8B1A6CDF6200EB9A6A /* ImageUtils.m */; };
		DB8B3D8F1A6CE23400EB9A6A /* UIAlertViewWithCallbacks.m in Sources */ = {isa = PBXBuildFile; fileRef = DB8B3D8E1A6CE23400EB9A6A /* UIAlertViewWithCallbacks.m */; };
		DB8B3D921A6CE39600EB9A6A /* LargeProgressView.m in Sources */ = {isa = PBXBuildFile; fileRef = DB8B3D911A6CE39600EB9A6A /* LargeProgressView.m */; };
		DB8B3D951A6CE73900EB9A6A /* ObserverUtils.m in Sources */ = {isa = PBXBuildFile; fileRef = DB8B3D941A6CE73900EB9A6A /* ObserverUtils.m */; };
		DB8B3D981A6E1E1700EB9A6A /* VeraDevicesViewController.m in Sources */ = {isa = PBXBuildFile; fileRef = DB8B3D971A6E1E1700EB9A6A /* VeraDevicesViewController.m */; };
		DB8B3D9B1A6E200A00EB9A6A /* LightsAndSwitchesViewController.m in Sources */ = {isa = PBXBuildFile; fileRef = DB8B3D9A1A6E200A00EB9A6A /* LightsAndSwitchesViewController.m */; };
		DB8B3DA61A6ED24C00EB9A6A /* VeraDeviceTableViewCell.m in Sources */ = {isa = PBXBuildFile; fileRef = DB8B3DA51A6ED24C00EB9A6A /* VeraDeviceTableViewCell.m */; };
		DB8B3DAA1A6EFEA300EB9A6A /* VeraAccessPoint.m in Sources */ = {isa = PBXBuildFile; fileRef = DB8B3DA91A6EFEA300EB9A6A /* VeraAccessPoint.m */; };
		DB8B3DE61A6F344700EB9A6A /* ControlledDevice.m in Sources */ = {isa = PBXBuildFile; fileRef = DB8B3DE51A6F344700EB9A6A /* ControlledDevice.m */; };
		DB8B3DE91A6F349A00EB9A6A /* Room.m in Sources */ = {isa = PBXBuildFile; fileRef = DB8B3DE81A6F349A00EB9A6A /* Room.m */; };
		DB8B3DF21A7023A000EB9A6A /* DevicesTableSection.m in Sources */ = {isa = PBXBuildFile; fileRef = DB8B3DF11A7023A000EB9A6A /* DevicesTableSection.m */; };
		DB8B3DFC1A70A29A00EB9A6A /* CircularShapeView.m in Sources */ = {isa = PBXBuildFile; fileRef = DB8B3DFB1A70A29A00EB9A6A /* CircularShapeView.m */; };
		DB8B3DFF1A70A5B900EB9A6A /* BinarySwitchTableViewCell.m in Sources */ = {isa = PBXBuildFile; fileRef = DB8B3DFE1A70A5B900EB9A6A /* BinarySwitchTableViewCell.m */; };
/* End PBXBuildFile section */

/* Begin PBXContainerItemProxy section */
		DB6850B71A6C6D1100CE4DAA /* PBXContainerItemProxy */ = {
			isa = PBXContainerItemProxy;
			containerPortal = DB6850951A6C6D1100CE4DAA /* Project object */;
			proxyType = 1;
			remoteGlobalIDString = DB68509C1A6C6D1100CE4DAA;
			remoteInfo = "Vera Remote Control";
		};
/* End PBXContainerItemProxy section */

/* Begin PBXFileReference section */
		DB50DBFA1A7176570053110E /* DimmableSwitchTableViewCell.h */ = {isa = PBXFileReference; fileEncoding = 4; lastKnownFileType = sourcecode.c.h; path = DimmableSwitchTableViewCell.h; sourceTree = "<group>"; };
		DB50DBFB1A7176570053110E /* DimmableSwitchTableViewCell.m */ = {isa = PBXFileReference; fileEncoding = 4; lastKnownFileType = sourcecode.c.objc; path = DimmableSwitchTableViewCell.m; sourceTree = "<group>"; };
		DB50DC001A72F1360053110E /* AccessConfig.h */ = {isa = PBXFileReference; fileEncoding = 4; lastKnownFileType = sourcecode.c.h; path = AccessConfig.h; sourceTree = "<group>"; };
		DB50DC011A72F1360053110E /* AccessConfig.m */ = {isa = PBXFileReference; fileEncoding = 4; lastKnownFileType = sourcecode.c.objc; path = AccessConfig.m; sourceTree = "<group>"; };
		DB50DC061A72FC240053110E /* FaultUtils.h */ = {isa = PBXFileReference; fileEncoding = 4; lastKnownFileType = sourcecode.c.h; path = FaultUtils.h; sourceTree = "<group>"; };
		DB50DC071A72FC240053110E /* FaultUtils.m */ = {isa = PBXFileReference; fileEncoding = 4; lastKnownFileType = sourcecode.c.objc; path = FaultUtils.m; sourceTree = "<group>"; };
		DB50DC0C1A733CB60053110E /* ScenesViewController.h */ = {isa = PBXFileReference; fileEncoding = 4; lastKnownFileType = sourcecode.c.h; path = ScenesViewController.h; sourceTree = "<group>"; };
		DB50DC0D1A733CB60053110E /* ScenesViewController.m */ = {isa = PBXFileReference; fileEncoding = 4; lastKnownFileType = sourcecode.c.objc; path = ScenesViewController.m; sourceTree = "<group>"; };
		DB68509D1A6C6D1100CE4DAA /* Vera Remote Control.app */ = {isa = PBXFileReference; explicitFileType = wrapper.application; includeInIndex = 0; path = "Vera Remote Control.app"; sourceTree = BUILT_PRODUCTS_DIR; };
		DB6850A11A6C6D1100CE4DAA /* Info.plist */ = {isa = PBXFileReference; lastKnownFileType = text.plist.xml; path = Info.plist; sourceTree = "<group>"; };
		DB6850A21A6C6D1100CE4DAA /* main.m */ = {isa = PBXFileReference; lastKnownFileType = sourcecode.c.objc; path = main.m; sourceTree = "<group>"; };
		DB6850A41A6C6D1100CE4DAA /* AppDelegate.h */ = {isa = PBXFileReference; lastKnownFileType = sourcecode.c.h; path = AppDelegate.h; sourceTree = "<group>"; };
		DB6850A51A6C6D1100CE4DAA /* AppDelegate.m */ = {isa = PBXFileReference; lastKnownFileType = sourcecode.c.objc; path = AppDelegate.m; sourceTree = "<group>"; };
		DB6850AD1A6C6D1100CE4DAA /* Images.xcassets */ = {isa = PBXFileReference; lastKnownFileType = folder.assetcatalog; path = Images.xcassets; sourceTree = "<group>"; };
		DB6850B01A6C6D1100CE4DAA /* Base */ = {isa = PBXFileReference; lastKnownFileType = file.xib; name = Base; path = Base.lproj/LaunchScreen.xib; sourceTree = "<group>"; };
		DB6850B61A6C6D1100CE4DAA /* Vera Remote ControlTests.xctest */ = {isa = PBXFileReference; explicitFileType = wrapper.cfbundle; includeInIndex = 0; path = "Vera Remote ControlTests.xctest"; sourceTree = BUILT_PRODUCTS_DIR; };
		DB6850BB1A6C6D1100CE4DAA /* Info.plist */ = {isa = PBXFileReference; lastKnownFileType = text.plist.xml; path = Info.plist; sourceTree = "<group>"; };
		DB6850BC1A6C6D1100CE4DAA /* Vera_Remote_ControlTests.m */ = {isa = PBXFileReference; lastKnownFileType = sourcecode.c.objc; path = Vera_Remote_ControlTests.m; sourceTree = "<group>"; };
		DB6850C61A6C6D3900CE4DAA /* Vera Remote Control.entitlements */ = {isa = PBXFileReference; lastKnownFileType = text.xml; path = "Vera Remote Control.entitlements"; sourceTree = "<group>"; };
		DB6850CC1A6C6F2A00CE4DAA /* DeviceManager.h */ = {isa = PBXFileReference; fileEncoding = 4; lastKnownFileType = sourcecode.c.h; path = DeviceManager.h; sourceTree = "<group>"; };
		DB6850CD1A6C6F2A00CE4DAA /* DeviceManager.m */ = {isa = PBXFileReference; fileEncoding = 4; lastKnownFileType = sourcecode.c.objc; path = DeviceManager.m; sourceTree = "<group>"; };
		DB6850CF1A6C6F8800CE4DAA /* Security.framework */ = {isa = PBXFileReference; lastKnownFileType = wrapper.framework; name = Security.framework; path = System/Library/Frameworks/Security.framework; sourceTree = SDKROOT; };
		DB6850D11A6C702800CE4DAA /* VeraDevice.h */ = {isa = PBXFileReference; fileEncoding = 4; lastKnownFileType = sourcecode.c.h; path = VeraDevice.h; sourceTree = "<group>"; };
		DB6850D21A6C702800CE4DAA /* VeraDevice.m */ = {isa = PBXFileReference; fileEncoding = 4; lastKnownFileType = sourcecode.c.objc; path = VeraDevice.m; sourceTree = "<group>"; };
		DB6850D41A6C715500CE4DAA /* JSONSerializable.h */ = {isa = PBXFileReference; fileEncoding = 4; lastKnownFileType = sourcecode.c.h; path = JSONSerializable.h; sourceTree = "<group>"; };
		DB6DE50C1A73477D00DBD7AC /* SceneTableViewCell.h */ = {isa = PBXFileReference; fileEncoding = 4; lastKnownFileType = sourcecode.c.h; path = SceneTableViewCell.h; sourceTree = "<group>"; };
		DB6DE50D1A73477D00DBD7AC /* SceneTableViewCell.m */ = {isa = PBXFileReference; fileEncoding = 4; lastKnownFileType = sourcecode.c.objc; path = SceneTableViewCell.m; sourceTree = "<group>"; };
		DB6DE5181A75C64300DBD7AC /* SpinningCursorView.h */ = {isa = PBXFileReference; fileEncoding = 4; lastKnownFileType = sourcecode.c.h; path = SpinningCursorView.h; sourceTree = "<group>"; };
		DB6DE5191A75C64300DBD7AC /* SpinningCursorView.m */ = {isa = PBXFileReference; fileEncoding = 4; lastKnownFileType = sourcecode.c.objc; path = SpinningCursorView.m; sourceTree = "<group>"; };
		DB8B3D591A6C80FB00EB9A6A /* APIService.h */ = {isa = PBXFileReference; fileEncoding = 4; lastKnownFileType = sourcecode.c.h; path = APIService.h; sourceTree = "<group>"; };
		DB8B3D5A1A6C80FB00EB9A6A /* APIService.m */ = {isa = PBXFileReference; fileEncoding = 4; lastKnownFileType = sourcecode.c.objc; path = APIService.m; sourceTree = "<group>"; };
		DB8B3D5B1A6C80FB00EB9A6A /* APIServiceRequest.h */ = {isa = PBXFileReference; fileEncoding = 4; lastKnownFileType = sourcecode.c.h; path = APIServiceRequest.h; sourceTree = "<group>"; };
		DB8B3D5C1A6C80FB00EB9A6A /* APIServiceRequest.m */ = {isa = PBXFileReference; fileEncoding = 4; lastKnownFileType = sourcecode.c.objc; path = APIServiceRequest.m; sourceTree = "<group>"; };
		DB8B3D601A6CA71F00EB9A6A /* MasterViewController.h */ = {isa = PBXFileReference; fileEncoding = 4; lastKnownFileType = sourcecode.c.h; path = MasterViewController.h; sourceTree = "<group>"; };
		DB8B3D611A6CA71F00EB9A6A /* MasterViewController.m */ = {isa = PBXFileReference; fileEncoding = 4; lastKnownFileType = sourcecode.c.objc; path = MasterViewController.m; sourceTree = "<group>"; };
		DB8B3D671A6CA93C00EB9A6A /* UIColor+Expanded.h */ = {isa = PBXFileReference; fileEncoding = 4; lastKnownFileType = sourcecode.c.h; path = "UIColor+Expanded.h"; sourceTree = "<group>"; };
		DB8B3D681A6CA93C00EB9A6A /* UIColor+Expanded.m */ = {isa = PBXFileReference; fileEncoding = 4; lastKnownFileType = sourcecode.c.objc; path = "UIColor+Expanded.m"; sourceTree = "<group>"; };
		DB8B3D6B1A6CAA5E00EB9A6A /* VeraRemoteControl-Prefix.pch */ = {isa = PBXFileReference; lastKnownFileType = sourcecode.c.h; path = "VeraRemoteControl-Prefix.pch"; sourceTree = SOURCE_ROOT; };
		DB8B3D6C1A6CAC2700EB9A6A /* UIFont_Expanded.h */ = {isa = PBXFileReference; fileEncoding = 4; lastKnownFileType = sourcecode.c.h; path = UIFont_Expanded.h; sourceTree = "<group>"; };
		DB8B3D6D1A6CAC2700EB9A6A /* UIFont_Expanded.m */ = {isa = PBXFileReference; fileEncoding = 4; lastKnownFileType = sourcecode.c.objc; path = UIFont_Expanded.m; sourceTree = "<group>"; };
		DB8B3D6F1A6CAC6300EB9A6A /* DefaultTextFieldDelegate.h */ = {isa = PBXFileReference; fileEncoding = 4; lastKnownFileType = sourcecode.c.h; path = DefaultTextFieldDelegate.h; sourceTree = "<group>"; };
		DB8B3D701A6CAC6300EB9A6A /* DefaultTextFieldDelegate.m */ = {isa = PBXFileReference; fileEncoding = 4; lastKnownFileType = sourcecode.c.objc; path = DefaultTextFieldDelegate.m; sourceTree = "<group>"; };
		DB8B3D721A6CAC8400EB9A6A /* StyleUtils.h */ = {isa = PBXFileReference; fileEncoding = 4; lastKnownFileType = sourcecode.c.h; path = StyleUtils.h; sourceTree = "<group>"; };
		DB8B3D731A6CAC8400EB9A6A /* StyleUtils.m */ = {isa = PBXFileReference; fileEncoding = 4; lastKnownFileType = sourcecode.c.objc; path = StyleUtils.m; sourceTree = "<group>"; };
		DB8B3D751A6CACEA00EB9A6A /* UIFont+DefaultSettings.h */ = {isa = PBXFileReference; fileEncoding = 4; lastKnownFileType = sourcecode.c.h; path = "UIFont+DefaultSettings.h"; sourceTree = "<group>"; };
		DB8B3D761A6CACEA00EB9A6A /* UIFont+DefaultSettings.m */ = {isa = PBXFileReference; fileEncoding = 4; lastKnownFileType = sourcecode.c.objc; path = "UIFont+DefaultSettings.m"; sourceTree = "<group>"; };
		DB8B3D7A1A6CAD6D00EB9A6A /* AsyncImageView.h */ = {isa = PBXFileReference; fileEncoding = 4; lastKnownFileType = sourcecode.c.h; path = AsyncImageView.h; sourceTree = "<group>"; };
		DB8B3D7B1A6CAD6D00EB9A6A /* AsyncImageView.m */ = {isa = PBXFileReference; fileEncoding = 4; lastKnownFileType = sourcecode.c.objc; path = AsyncImageView.m; sourceTree = "<group>"; };
		DB8B3D7D1A6CAD8100EB9A6A /* TableViewCellWithTextField.h */ = {isa = PBXFileReference; fileEncoding = 4; lastKnownFileType = sourcecode.c.h; path = TableViewCellWithTextField.h; sourceTree = "<group>"; };
		DB8B3D7E1A6CAD8100EB9A6A /* TableViewCellWithTextField.m */ = {isa = PBXFileReference; fileEncoding = 4; lastKnownFileType = sourcecode.c.objc; path = TableViewCellWithTextField.m; sourceTree = "<group>"; };
		DB8B3D801A6CAD9700EB9A6A /* DefaultKeyboardAccessoryView.h */ = {isa = PBXFileReference; fileEncoding = 4; lastKnownFileType = sourcecode.c.h; path = DefaultKeyboardAccessoryView.h; sourceTree = "<group>"; };
		DB8B3D811A6CAD9700EB9A6A /* DefaultKeyboardAccessoryView.m */ = {isa = PBXFileReference; fileEncoding = 4; lastKnownFileType = sourcecode.c.objc; path = DefaultKeyboardAccessoryView.m; sourceTree = "<group>"; };
		DB8B3D841A6CAE0700EB9A6A /* CredentialsViewController.h */ = {isa = PBXFileReference; fileEncoding = 4; lastKnownFileType = sourcecode.c.h; path = CredentialsViewController.h; sourceTree = "<group>"; };
		DB8B3D851A6CAE0700EB9A6A /* CredentialsViewController.m */ = {isa = PBXFileReference; fileEncoding = 4; lastKnownFileType = sourcecode.c.objc; path = CredentialsViewController.m; sourceTree = "<group>"; };
		DB8B3D871A6CDF4600EB9A6A /* Buttons.h */ = {isa = PBXFileReference; fileEncoding = 4; lastKnownFileType = sourcecode.c.h; path = Buttons.h; sourceTree = "<group>"; };
		DB8B3D881A6CDF4600EB9A6A /* Buttons.m */ = {isa = PBXFileReference; fileEncoding = 4; lastKnownFileType = sourcecode.c.objc; path = Buttons.m; sourceTree = "<group>"; };
		DB8B3D8A1A6CDF6200EB9A6A /* ImageUtils.h */ = {isa = PBXFileReference; fileEncoding = 4; lastKnownFileType = sourcecode.c.h; path = ImageUtils.h; sourceTree = "<group>"; };
		DB8B3D8B1A6CDF6200EB9A6A /* ImageUtils.m */ = {isa = PBXFileReference; fileEncoding = 4; lastKnownFileType = sourcecode.c.objc; path = ImageUtils.m; sourceTree = "<group>"; };
		DB8B3D8D1A6CE23400EB9A6A /* UIAlertViewWithCallbacks.h */ = {isa = PBXFileReference; fileEncoding = 4; lastKnownFileType = sourcecode.c.h; path = UIAlertViewWithCallbacks.h; sourceTree = "<group>"; };
		DB8B3D8E1A6CE23400EB9A6A /* UIAlertViewWithCallbacks.m */ = {isa = PBXFileReference; fileEncoding = 4; lastKnownFileType = sourcecode.c.objc; path = UIAlertViewWithCallbacks.m; sourceTree = "<group>"; };
		DB8B3D901A6CE39600EB9A6A /* LargeProgressView.h */ = {isa = PBXFileReference; fileEncoding = 4; lastKnownFileType = sourcecode.c.h; path = LargeProgressView.h; sourceTree = "<group>"; };
		DB8B3D911A6CE39600EB9A6A /* LargeProgressView.m */ = {isa = PBXFileReference; fileEncoding = 4; lastKnownFileType = sourcecode.c.objc; path = LargeProgressView.m; sourceTree = "<group>"; };
		DB8B3D931A6CE73900EB9A6A /* ObserverUtils.h */ = {isa = PBXFileReference; fileEncoding = 4; lastKnownFileType = sourcecode.c.h; path = ObserverUtils.h; sourceTree = "<group>"; };
		DB8B3D941A6CE73900EB9A6A /* ObserverUtils.m */ = {isa = PBXFileReference; fileEncoding = 4; lastKnownFileType = sourcecode.c.objc; path = ObserverUtils.m; sourceTree = "<group>"; };
		DB8B3D961A6E1E1700EB9A6A /* VeraDevicesViewController.h */ = {isa = PBXFileReference; fileEncoding = 4; lastKnownFileType = sourcecode.c.h; path = VeraDevicesViewController.h; sourceTree = "<group>"; };
		DB8B3D971A6E1E1700EB9A6A /* VeraDevicesViewController.m */ = {isa = PBXFileReference; fileEncoding = 4; lastKnownFileType = sourcecode.c.objc; path = VeraDevicesViewController.m; sourceTree = "<group>"; };
		DB8B3D991A6E200A00EB9A6A /* LightsAndSwitchesViewController.h */ = {isa = PBXFileReference; fileEncoding = 4; lastKnownFileType = sourcecode.c.h; path = LightsAndSwitchesViewController.h; sourceTree = "<group>"; };
		DB8B3D9A1A6E200A00EB9A6A /* LightsAndSwitchesViewController.m */ = {isa = PBXFileReference; fileEncoding = 4; lastKnownFileType = sourcecode.c.objc; path = LightsAndSwitchesViewController.m; sourceTree = "<group>"; };
		DB8B3DA41A6ED24C00EB9A6A /* VeraDeviceTableViewCell.h */ = {isa = PBXFileReference; fileEncoding = 4; lastKnownFileType = sourcecode.c.h; path = VeraDeviceTableViewCell.h; sourceTree = "<group>"; };
		DB8B3DA51A6ED24C00EB9A6A /* VeraDeviceTableViewCell.m */ = {isa = PBXFileReference; fileEncoding = 4; lastKnownFileType = sourcecode.c.objc; path = VeraDeviceTableViewCell.m; sourceTree = "<group>"; };
		DB8B3DA71A6ED80D00EB9A6A /* dispatch_cancelable_block.h */ = {isa = PBXFileReference; lastKnownFileType = sourcecode.c.h; path = dispatch_cancelable_block.h; sourceTree = "<group>"; };
		DB8B3DA81A6EFEA300EB9A6A /* VeraAccessPoint.h */ = {isa = PBXFileReference; fileEncoding = 4; lastKnownFileType = sourcecode.c.h; path = VeraAccessPoint.h; sourceTree = "<group>"; };
		DB8B3DA91A6EFEA300EB9A6A /* VeraAccessPoint.m */ = {isa = PBXFileReference; fileEncoding = 4; lastKnownFileType = sourcecode.c.objc; path = VeraAccessPoint.m; sourceTree = "<group>"; };
		DB8B3DE41A6F344700EB9A6A /* ControlledDevice.h */ = {isa = PBXFileReference; fileEncoding = 4; lastKnownFileType = sourcecode.c.h; path = ControlledDevice.h; sourceTree = "<group>"; };
		DB8B3DE51A6F344700EB9A6A /* ControlledDevice.m */ = {isa = PBXFileReference; fileEncoding = 4; lastKnownFileType = sourcecode.c.objc; path = ControlledDevice.m; sourceTree = "<group>"; };
		DB8B3DE71A6F349A00EB9A6A /* Room.h */ = {isa = PBXFileReference; fileEncoding = 4; lastKnownFileType = sourcecode.c.h; path = Room.h; sourceTree = "<group>"; };
		DB8B3DE81A6F349A00EB9A6A /* Room.m */ = {isa = PBXFileReference; fileEncoding = 4; lastKnownFileType = sourcecode.c.objc; path = Room.m; sourceTree = "<group>"; };
		DB8B3DF01A7023A000EB9A6A /* DevicesTableSection.h */ = {isa = PBXFileReference; fileEncoding = 4; lastKnownFileType = sourcecode.c.h; path = DevicesTableSection.h; sourceTree = "<group>"; };
		DB8B3DF11A7023A000EB9A6A /* DevicesTableSection.m */ = {isa = PBXFileReference; fileEncoding = 4; lastKnownFileType = sourcecode.c.objc; path = DevicesTableSection.m; sourceTree = "<group>"; };
		DB8B3DFA1A70A29A00EB9A6A /* CircularShapeView.h */ = {isa = PBXFileReference; fileEncoding = 4; lastKnownFileType = sourcecode.c.h; path = CircularShapeView.h; sourceTree = "<group>"; };
		DB8B3DFB1A70A29A00EB9A6A /* CircularShapeView.m */ = {isa = PBXFileReference; fileEncoding = 4; lastKnownFileType = sourcecode.c.objc; path = CircularShapeView.m; sourceTree = "<group>"; };
		DB8B3DFD1A70A5B900EB9A6A /* BinarySwitchTableViewCell.h */ = {isa = PBXFileReference; fileEncoding = 4; lastKnownFileType = sourcecode.c.h; path = BinarySwitchTableViewCell.h; sourceTree = "<group>"; };
		DB8B3DFE1A70A5B900EB9A6A /* BinarySwitchTableViewCell.m */ = {isa = PBXFileReference; fileEncoding = 4; lastKnownFileType = sourcecode.c.objc; path = BinarySwitchTableViewCell.m; sourceTree = "<group>"; };
/* End PBXFileReference section */

/* Begin PBXFrameworksBuildPhase section */
		DB68509A1A6C6D1100CE4DAA /* Frameworks */ = {
			isa = PBXFrameworksBuildPhase;
			buildActionMask = 2147483647;
			files = (
				DB6850D01A6C6F8800CE4DAA /* Security.framework in Frameworks */,
			);
			runOnlyForDeploymentPostprocessing = 0;
		};
		DB6850B31A6C6D1100CE4DAA /* Frameworks */ = {
			isa = PBXFrameworksBuildPhase;
			buildActionMask = 2147483647;
			files = (
			);
			runOnlyForDeploymentPostprocessing = 0;
		};
/* End PBXFrameworksBuildPhase section */

/* Begin PBXGroup section */
		DB6850941A6C6D1100CE4DAA = {
			isa = PBXGroup;
			children = (
				DB6850CF1A6C6F8800CE4DAA /* Security.framework */,
				DB68509F1A6C6D1100CE4DAA /* Vera Remote Control */,
				DB6850B91A6C6D1100CE4DAA /* Vera Remote ControlTests */,
				DB68509E1A6C6D1100CE4DAA /* Products */,
			);
			sourceTree = "<group>";
		};
		DB68509E1A6C6D1100CE4DAA /* Products */ = {
			isa = PBXGroup;
			children = (
				DB68509D1A6C6D1100CE4DAA /* Vera Remote Control.app */,
				DB6850B61A6C6D1100CE4DAA /* Vera Remote ControlTests.xctest */,
			);
			name = Products;
			sourceTree = "<group>";
		};
		DB68509F1A6C6D1100CE4DAA /* Vera Remote Control */ = {
			isa = PBXGroup;
			children = (
				DB8B3D781A6CAD5A00EB9A6A /* Shared */,
				DB8B3D661A6CA92000EB9A6A /* Utils */,
				DB8B3D5F1A6CA6FF00EB9A6A /* View Controllers */,
				DB6850D71A6C786200CE4DAA /* Service */,
				DB6850CB1A6C6E9600CE4DAA /* Model */,
				DB6850CA1A6C6E7E00CE4DAA /* Managers */,
				DB6850C61A6C6D3900CE4DAA /* Vera Remote Control.entitlements */,
				DB6850A41A6C6D1100CE4DAA /* AppDelegate.h */,
				DB6850A51A6C6D1100CE4DAA /* AppDelegate.m */,
				DB6850AD1A6C6D1100CE4DAA /* Images.xcassets */,
				DB6850AF1A6C6D1100CE4DAA /* LaunchScreen.xib */,
				DB6850A01A6C6D1100CE4DAA /* Supporting Files */,
			);
			path = "Vera Remote Control";
			sourceTree = "<group>";
		};
		DB6850A01A6C6D1100CE4DAA /* Supporting Files */ = {
			isa = PBXGroup;
			children = (
				DB8B3D6B1A6CAA5E00EB9A6A /* VeraRemoteControl-Prefix.pch */,
				DB6850A11A6C6D1100CE4DAA /* Info.plist */,
				DB6850A21A6C6D1100CE4DAA /* main.m */,
			);
			name = "Supporting Files";
			sourceTree = "<group>";
		};
		DB6850B91A6C6D1100CE4DAA /* Vera Remote ControlTests */ = {
			isa = PBXGroup;
			children = (
				DB6850BC1A6C6D1100CE4DAA /* Vera_Remote_ControlTests.m */,
				DB6850BA1A6C6D1100CE4DAA /* Supporting Files */,
			);
			path = "Vera Remote ControlTests";
			sourceTree = "<group>";
		};
		DB6850BA1A6C6D1100CE4DAA /* Supporting Files */ = {
			isa = PBXGroup;
			children = (
				DB6850BB1A6C6D1100CE4DAA /* Info.plist */,
			);
			name = "Supporting Files";
			sourceTree = "<group>";
		};
		DB6850CA1A6C6E7E00CE4DAA /* Managers */ = {
			isa = PBXGroup;
			children = (
				DB6850CC1A6C6F2A00CE4DAA /* DeviceManager.h */,
				DB6850CD1A6C6F2A00CE4DAA /* DeviceManager.m */,
			);
			name = Managers;
			sourceTree = "<group>";
		};
		DB6850CB1A6C6E9600CE4DAA /* Model */ = {
			isa = PBXGroup;
			children = (
				DB6850D11A6C702800CE4DAA /* VeraDevice.h */,
				DB6850D21A6C702800CE4DAA /* VeraDevice.m */,
				DB6850D41A6C715500CE4DAA /* JSONSerializable.h */,
				DB8B3DA81A6EFEA300EB9A6A /* VeraAccessPoint.h */,
				DB8B3DA91A6EFEA300EB9A6A /* VeraAccessPoint.m */,
				DB8B3DE41A6F344700EB9A6A /* ControlledDevice.h */,
				DB8B3DE51A6F344700EB9A6A /* ControlledDevice.m */,
				DB8B3DE71A6F349A00EB9A6A /* Room.h */,
				DB8B3DE81A6F349A00EB9A6A /* Room.m */,
				DB50DC001A72F1360053110E /* AccessConfig.h */,
				DB50DC011A72F1360053110E /* AccessConfig.m */,
			);
			name = Model;
			sourceTree = "<group>";
		};
		DB6850D71A6C786200CE4DAA /* Service */ = {
			isa = PBXGroup;
			children = (
				DB8B3D591A6C80FB00EB9A6A /* APIService.h */,
				DB8B3D5A1A6C80FB00EB9A6A /* APIService.m */,
				DB8B3D5B1A6C80FB00EB9A6A /* APIServiceRequest.h */,
				DB8B3D5C1A6C80FB00EB9A6A /* APIServiceRequest.m */,
			);
			name = Service;
			sourceTree = "<group>";
		};
		DB8B3D5F1A6CA6FF00EB9A6A /* View Controllers */ = {
			isa = PBXGroup;
			children = (
				DB8B3DED1A701DBB00EB9A6A /* Devices */,
				DB8B3D9F1A6EC1C400EB9A6A /* Vera Devices */,
				DB8B3D831A6CADE700EB9A6A /* Initial Config */,
				DB8B3D601A6CA71F00EB9A6A /* MasterViewController.h */,
				DB8B3D611A6CA71F00EB9A6A /* MasterViewController.m */,
			);
			name = "View Controllers";
			sourceTree = "<group>";
		};
		DB8B3D661A6CA92000EB9A6A /* Utils */ = {
			isa = PBXGroup;
			children = (
				DB8B3DA71A6ED80D00EB9A6A /* dispatch_cancelable_block.h */,
				DB50DC061A72FC240053110E /* FaultUtils.h */,
				DB50DC071A72FC240053110E /* FaultUtils.m */,
				DB8B3D721A6CAC8400EB9A6A /* StyleUtils.h */,
				DB8B3D731A6CAC8400EB9A6A /* StyleUtils.m */,
				DB8B3D6F1A6CAC6300EB9A6A /* DefaultTextFieldDelegate.h */,
				DB8B3D701A6CAC6300EB9A6A /* DefaultTextFieldDelegate.m */,
				DB8B3D751A6CACEA00EB9A6A /* UIFont+DefaultSettings.h */,
				DB8B3D761A6CACEA00EB9A6A /* UIFont+DefaultSettings.m */,
				DB8B3D6C1A6CAC2700EB9A6A /* UIFont_Expanded.h */,
				DB8B3D6D1A6CAC2700EB9A6A /* UIFont_Expanded.m */,
				DB8B3D671A6CA93C00EB9A6A /* UIColor+Expanded.h */,
				DB8B3D681A6CA93C00EB9A6A /* UIColor+Expanded.m */,
				DB8B3D8A1A6CDF6200EB9A6A /* ImageUtils.h */,
				DB8B3D8B1A6CDF6200EB9A6A /* ImageUtils.m */,
				DB8B3D931A6CE73900EB9A6A /* ObserverUtils.h */,
				DB8B3D941A6CE73900EB9A6A /* ObserverUtils.m */,
			);
			name = Utils;
			sourceTree = "<group>";
		};
		DB8B3D781A6CAD5A00EB9A6A /* Shared */ = {
			isa = PBXGroup;
			children = (
				DB8B3D791A6CAD6100EB9A6A /* Views */,
			);
			name = Shared;
			sourceTree = "<group>";
		};
		DB8B3D791A6CAD6100EB9A6A /* Views */ = {
			isa = PBXGroup;
			children = (
				DB6DE5181A75C64300DBD7AC /* SpinningCursorView.h */,
				DB6DE5191A75C64300DBD7AC /* SpinningCursorView.m */,
				DB8B3D7A1A6CAD6D00EB9A6A /* AsyncImageView.h */,
				DB8B3D7B1A6CAD6D00EB9A6A /* AsyncImageView.m */,
				DB8B3D7D1A6CAD8100EB9A6A /* TableViewCellWithTextField.h */,
				DB8B3D7E1A6CAD8100EB9A6A /* TableViewCellWithTextField.m */,
				DB8B3D801A6CAD9700EB9A6A /* DefaultKeyboardAccessoryView.h */,
				DB8B3D811A6CAD9700EB9A6A /* DefaultKeyboardAccessoryView.m */,
				DB8B3D871A6CDF4600EB9A6A /* Buttons.h */,
				DB8B3D881A6CDF4600EB9A6A /* Buttons.m */,
				DB8B3D8D1A6CE23400EB9A6A /* UIAlertViewWithCallbacks.h */,
				DB8B3D8E1A6CE23400EB9A6A /* UIAlertViewWithCallbacks.m */,
				DB8B3D901A6CE39600EB9A6A /* LargeProgressView.h */,
				DB8B3D911A6CE39600EB9A6A /* LargeProgressView.m */,
			);
			name = Views;
			sourceTree = "<group>";
		};
		DB8B3D831A6CADE700EB9A6A /* Initial Config */ = {
			isa = PBXGroup;
			children = (
				DB8B3D841A6CAE0700EB9A6A /* CredentialsViewController.h */,
				DB8B3D851A6CAE0700EB9A6A /* CredentialsViewController.m */,
			);
			name = "Initial Config";
			sourceTree = "<group>";
		};
		DB8B3D9F1A6EC1C400EB9A6A /* Vera Devices */ = {
			isa = PBXGroup;
			children = (
				DB8B3DA01A6EC1D500EB9A6A /* Views */,
				DB8B3D961A6E1E1700EB9A6A /* VeraDevicesViewController.h */,
				DB8B3D971A6E1E1700EB9A6A /* VeraDevicesViewController.m */,
			);
			name = "Vera Devices";
			sourceTree = "<group>";
		};
		DB8B3DA01A6EC1D500EB9A6A /* Views */ = {
			isa = PBXGroup;
			children = (
				DB8B3DA41A6ED24C00EB9A6A /* VeraDeviceTableViewCell.h */,
				DB8B3DA51A6ED24C00EB9A6A /* VeraDeviceTableViewCell.m */,
			);
			name = Views;
			sourceTree = "<group>";
		};
		DB8B3DED1A701DBB00EB9A6A /* Devices */ = {
			isa = PBXGroup;
			children = (
				DB8B3DEF1A70238200EB9A6A /* Helper Classes */,
				DB8B3DEE1A701DFB00EB9A6A /* Views */,
				DB8B3D991A6E200A00EB9A6A /* LightsAndSwitchesViewController.h */,
				DB8B3D9A1A6E200A00EB9A6A /* LightsAndSwitchesViewController.m */,
				DB50DC0C1A733CB60053110E /* ScenesViewController.h */,
				DB50DC0D1A733CB60053110E /* ScenesViewController.m */,
			);
			name = Devices;
			sourceTree = "<group>";
		};
		DB8B3DEE1A701DFB00EB9A6A /* Views */ = {
			isa = PBXGroup;
			children = (
				DB8B3DFA1A70A29A00EB9A6A /* CircularShapeView.h */,
				DB8B3DFB1A70A29A00EB9A6A /* CircularShapeView.m */,
				DB8B3DFD1A70A5B900EB9A6A /* BinarySwitchTableViewCell.h */,
				DB8B3DFE1A70A5B900EB9A6A /* BinarySwitchTableViewCell.m */,
				DB50DBFA1A7176570053110E /* DimmableSwitchTableViewCell.h */,
				DB50DBFB1A7176570053110E /* DimmableSwitchTableViewCell.m */,
				DB6DE50C1A73477D00DBD7AC /* SceneTableViewCell.h */,
				DB6DE50D1A73477D00DBD7AC /* SceneTableViewCell.m */,
			);
			name = Views;
			sourceTree = "<group>";
		};
		DB8B3DEF1A70238200EB9A6A /* Helper Classes */ = {
			isa = PBXGroup;
			children = (
				DB8B3DF01A7023A000EB9A6A /* DevicesTableSection.h */,
				DB8B3DF11A7023A000EB9A6A /* DevicesTableSection.m */,
			);
			name = "Helper Classes";
			sourceTree = "<group>";
		};
/* End PBXGroup section */

/* Begin PBXNativeTarget section */
		DB68509C1A6C6D1100CE4DAA /* Vera Remote Control */ = {
			isa = PBXNativeTarget;
			buildConfigurationList = DB6850C01A6C6D1100CE4DAA /* Build configuration list for PBXNativeTarget "Vera Remote Control" */;
			buildPhases = (
				DB6850991A6C6D1100CE4DAA /* Sources */,
				DB68509A1A6C6D1100CE4DAA /* Frameworks */,
				DB68509B1A6C6D1100CE4DAA /* Resources */,
			);
			buildRules = (
			);
			dependencies = (
			);
			name = "Vera Remote Control";
			productName = "Vera Remote Control";
			productReference = DB68509D1A6C6D1100CE4DAA /* Vera Remote Control.app */;
			productType = "com.apple.product-type.application";
		};
		DB6850B51A6C6D1100CE4DAA /* Vera Remote ControlTests */ = {
			isa = PBXNativeTarget;
			buildConfigurationList = DB6850C31A6C6D1100CE4DAA /* Build configuration list for PBXNativeTarget "Vera Remote ControlTests" */;
			buildPhases = (
				DB6850B21A6C6D1100CE4DAA /* Sources */,
				DB6850B31A6C6D1100CE4DAA /* Frameworks */,
				DB6850B41A6C6D1100CE4DAA /* Resources */,
			);
			buildRules = (
			);
			dependencies = (
				DB6850B81A6C6D1100CE4DAA /* PBXTargetDependency */,
			);
			name = "Vera Remote ControlTests";
			productName = "Vera Remote ControlTests";
			productReference = DB6850B61A6C6D1100CE4DAA /* Vera Remote ControlTests.xctest */;
			productType = "com.apple.product-type.bundle.unit-test";
		};
/* End PBXNativeTarget section */

/* Begin PBXProject section */
		DB6850951A6C6D1100CE4DAA /* Project object */ = {
			isa = PBXProject;
			attributes = {
				LastUpgradeCheck = 0620;
				ORGANIZATIONNAME = "Dmitry Miller";
				TargetAttributes = {
					DB68509C1A6C6D1100CE4DAA = {
						CreatedOnToolsVersion = 6.2;
						DevelopmentTeam = 8X8RX9P5TW;
						SystemCapabilities = {
							com.apple.ApplicationGroups.iOS = {
								enabled = 1;
							};
						};
					};
					DB6850B51A6C6D1100CE4DAA = {
						CreatedOnToolsVersion = 6.2;
						TestTargetID = DB68509C1A6C6D1100CE4DAA;
					};
				};
			};
			buildConfigurationList = DB6850981A6C6D1100CE4DAA /* Build configuration list for PBXProject "Vera Remote Control" */;
			compatibilityVersion = "Xcode 3.2";
			developmentRegion = English;
			hasScannedForEncodings = 0;
			knownRegions = (
				en,
				Base,
			);
			mainGroup = DB6850941A6C6D1100CE4DAA;
			productRefGroup = DB68509E1A6C6D1100CE4DAA /* Products */;
			projectDirPath = "";
			projectRoot = "";
			targets = (
				DB68509C1A6C6D1100CE4DAA /* Vera Remote Control */,
				DB6850B51A6C6D1100CE4DAA /* Vera Remote ControlTests */,
			);
		};
/* End PBXProject section */

/* Begin PBXResourcesBuildPhase section */
		DB68509B1A6C6D1100CE4DAA /* Resources */ = {
			isa = PBXResourcesBuildPhase;
			buildActionMask = 2147483647;
			files = (
				DB6850B11A6C6D1100CE4DAA /* LaunchScreen.xib in Resources */,
				DB6850AE1A6C6D1100CE4DAA /* Images.xcassets in Resources */,
			);
			runOnlyForDeploymentPostprocessing = 0;
		};
		DB6850B41A6C6D1100CE4DAA /* Resources */ = {
			isa = PBXResourcesBuildPhase;
			buildActionMask = 2147483647;
			files = (
			);
			runOnlyForDeploymentPostprocessing = 0;
		};
/* End PBXResourcesBuildPhase section */

/* Begin PBXSourcesBuildPhase section */
		DB6850991A6C6D1100CE4DAA /* Sources */ = {
			isa = PBXSourcesBuildPhase;
			buildActionMask = 2147483647;
			files = (
				DB8B3D9B1A6E200A00EB9A6A /* LightsAndSwitchesViewController.m in Sources */,
				DB8B3D5D1A6C80FB00EB9A6A /* APIService.m in Sources */,
				DB8B3D7F1A6CAD8100EB9A6A /* TableViewCellWithTextField.m in Sources */,
				DB8B3D981A6E1E1700EB9A6A /* VeraDevicesViewController.m in Sources */,
				DB8B3D891A6CDF4600EB9A6A /* Buttons.m in Sources */,
				DB8B3D951A6CE73900EB9A6A /* ObserverUtils.m in Sources */,
				DB8B3D821A6CAD9700EB9A6A /* DefaultKeyboardAccessoryView.m in Sources */,
				DB8B3D861A6CAE0700EB9A6A /* CredentialsViewController.m in Sources */,
				DB8B3DE61A6F344700EB9A6A /* ControlledDevice.m in Sources */,
				DB50DC0E1A733CB60053110E /* ScenesViewController.m in Sources */,
				DB8B3D5E1A6C80FB00EB9A6A /* APIServiceRequest.m in Sources */,
				DB8B3D8F1A6CE23400EB9A6A /* UIAlertViewWithCallbacks.m in Sources */,
				DB8B3D741A6CAC8400EB9A6A /* StyleUtils.m in Sources */,
				DB6850D31A6C702800CE4DAA /* VeraDevice.m in Sources */,
				DB6DE51A1A75C64300DBD7AC /* SpinningCursorView.m in Sources */,
				DB50DBFC1A7176570053110E /* DimmableSwitchTableViewCell.m in Sources */,
				DB8B3D921A6CE39600EB9A6A /* LargeProgressView.m in Sources */,
				DB8B3DA61A6ED24C00EB9A6A /* VeraDeviceTableViewCell.m in Sources */,
				DB8B3DAA1A6EFEA300EB9A6A /* VeraAccessPoint.m in Sources */,
				DB50DC021A72F1360053110E /* AccessConfig.m in Sources */,
				DB8B3DFF1A70A5B900EB9A6A /* BinarySwitchTableViewCell.m in Sources */,
				DB8B3D621A6CA71F00EB9A6A /* MasterViewController.m in Sources */,
				DB8B3D711A6CAC6300EB9A6A /* DefaultTextFieldDelegate.m in Sources */,
				DB6850CE1A6C6F2A00CE4DAA /* DeviceManager.m in Sources */,
				DB6850A61A6C6D1100CE4DAA /* AppDelegate.m in Sources */,
				DB8B3D691A6CA93C00EB9A6A /* UIColor+Expanded.m in Sources */,
				DB50DC081A72FC240053110E /* FaultUtils.m in Sources */,
				DB8B3DE91A6F349A00EB9A6A /* Room.m in Sources */,
				DB8B3DFC1A70A29A00EB9A6A /* CircularShapeView.m in Sources */,
				DB8B3D7C1A6CAD6D00EB9A6A /* AsyncImageView.m in Sources */,
				DB8B3D771A6CACEA00EB9A6A /* UIFont+DefaultSettings.m in Sources */,
				DB8B3D8C1A6CDF6200EB9A6A /* ImageUtils.m in Sources */,
				DB8B3D6E1A6CAC2700EB9A6A /* UIFont_Expanded.m in Sources */,
				DB6DE50E1A73477D00DBD7AC /* SceneTableViewCell.m in Sources */,
				DB6850A31A6C6D1100CE4DAA /* main.m in Sources */,
				DB8B3DF21A7023A000EB9A6A /* DevicesTableSection.m in Sources */,
			);
			runOnlyForDeploymentPostprocessing = 0;
		};
		DB6850B21A6C6D1100CE4DAA /* Sources */ = {
			isa = PBXSourcesBuildPhase;
			buildActionMask = 2147483647;
			files = (
				DB6850BD1A6C6D1100CE4DAA /* Vera_Remote_ControlTests.m in Sources */,
			);
			runOnlyForDeploymentPostprocessing = 0;
		};
/* End PBXSourcesBuildPhase section */

/* Begin PBXTargetDependency section */
		DB6850B81A6C6D1100CE4DAA /* PBXTargetDependency */ = {
			isa = PBXTargetDependency;
			target = DB68509C1A6C6D1100CE4DAA /* Vera Remote Control */;
			targetProxy = DB6850B71A6C6D1100CE4DAA /* PBXContainerItemProxy */;
		};
/* End PBXTargetDependency section */

/* Begin PBXVariantGroup section */
		DB6850AF1A6C6D1100CE4DAA /* LaunchScreen.xib */ = {
			isa = PBXVariantGroup;
			children = (
				DB6850B01A6C6D1100CE4DAA /* Base */,
			);
			name = LaunchScreen.xib;
			sourceTree = "<group>";
		};
/* End PBXVariantGroup section */

/* Begin XCBuildConfiguration section */
		DB6850BE1A6C6D1100CE4DAA /* Debug */ = {
			isa = XCBuildConfiguration;
			buildSettings = {
				ALWAYS_SEARCH_USER_PATHS = NO;
				CLANG_CXX_LANGUAGE_STANDARD = "gnu++0x";
				CLANG_CXX_LIBRARY = "libc++";
				CLANG_ENABLE_MODULES = YES;
				CLANG_ENABLE_OBJC_ARC = YES;
				CLANG_WARN_BOOL_CONVERSION = YES;
				CLANG_WARN_CONSTANT_CONVERSION = YES;
				CLANG_WARN_DIRECT_OBJC_ISA_USAGE = YES_ERROR;
				CLANG_WARN_EMPTY_BODY = YES;
				CLANG_WARN_ENUM_CONVERSION = YES;
				CLANG_WARN_INT_CONVERSION = YES;
				CLANG_WARN_OBJC_ROOT_CLASS = YES_ERROR;
				CLANG_WARN_UNREACHABLE_CODE = YES;
				CLANG_WARN__DUPLICATE_METHOD_MATCH = YES;
				CODE_SIGN_IDENTITY = "iPhone Developer";
				"CODE_SIGN_IDENTITY[sdk=iphoneos*]" = "iPhone Developer";
				COPY_PHASE_STRIP = NO;
				ENABLE_STRICT_OBJC_MSGSEND = YES;
				GCC_C_LANGUAGE_STANDARD = gnu99;
				GCC_DYNAMIC_NO_PIC = NO;
				GCC_OPTIMIZATION_LEVEL = 0;
				GCC_PREPROCESSOR_DEFINITIONS = (
					"DEBUG=1",
					"$(inherited)",
				);
				"GCC_PREPROCESSOR_DEFINITIONS_NOT_USED_IN_PRECOMPS[arch=*]" = "";
				GCC_SYMBOLS_PRIVATE_EXTERN = NO;
				GCC_WARN_64_TO_32_BIT_CONVERSION = YES;
				GCC_WARN_ABOUT_RETURN_TYPE = YES_ERROR;
				GCC_WARN_UNDECLARED_SELECTOR = YES;
				GCC_WARN_UNINITIALIZED_AUTOS = YES_AGGRESSIVE;
				GCC_WARN_UNUSED_FUNCTION = YES;
				GCC_WARN_UNUSED_VARIABLE = YES;
				IPHONEOS_DEPLOYMENT_TARGET = 8.1;
				MTL_ENABLE_DEBUG_INFO = YES;
				ONLY_ACTIVE_ARCH = YES;
				SDKROOT = iphoneos;
			};
			name = Debug;
		};
		DB6850BF1A6C6D1100CE4DAA /* Release */ = {
			isa = XCBuildConfiguration;
			buildSettings = {
				ALWAYS_SEARCH_USER_PATHS = NO;
				CLANG_CXX_LANGUAGE_STANDARD = "gnu++0x";
				CLANG_CXX_LIBRARY = "libc++";
				CLANG_ENABLE_MODULES = YES;
				CLANG_ENABLE_OBJC_ARC = YES;
				CLANG_WARN_BOOL_CONVERSION = YES;
				CLANG_WARN_CONSTANT_CONVERSION = YES;
				CLANG_WARN_DIRECT_OBJC_ISA_USAGE = YES_ERROR;
				CLANG_WARN_EMPTY_BODY = YES;
				CLANG_WARN_ENUM_CONVERSION = YES;
				CLANG_WARN_INT_CONVERSION = YES;
				CLANG_WARN_OBJC_ROOT_CLASS = YES_ERROR;
				CLANG_WARN_UNREACHABLE_CODE = YES;
				CLANG_WARN__DUPLICATE_METHOD_MATCH = YES;
				CODE_SIGN_IDENTITY = "iPhone Distribution";
				"CODE_SIGN_IDENTITY[sdk=iphoneos*]" = "iPhone Developer";
				COPY_PHASE_STRIP = NO;
				ENABLE_NS_ASSERTIONS = NO;
				ENABLE_STRICT_OBJC_MSGSEND = YES;
				GCC_C_LANGUAGE_STANDARD = gnu99;
				GCC_WARN_64_TO_32_BIT_CONVERSION = YES;
				GCC_WARN_ABOUT_RETURN_TYPE = YES_ERROR;
				GCC_WARN_UNDECLARED_SELECTOR = YES;
				GCC_WARN_UNINITIALIZED_AUTOS = YES_AGGRESSIVE;
				GCC_WARN_UNUSED_FUNCTION = YES;
				GCC_WARN_UNUSED_VARIABLE = YES;
				IPHONEOS_DEPLOYMENT_TARGET = 8.1;
				MTL_ENABLE_DEBUG_INFO = NO;
				SDKROOT = iphoneos;
				VALIDATE_PRODUCT = YES;
			};
			name = Release;
		};
		DB6850C11A6C6D1100CE4DAA /* Debug */ = {
			isa = XCBuildConfiguration;
			buildSettings = {
				ASSETCATALOG_COMPILER_APPICON_NAME = AppIcon;
				CODE_SIGN_ENTITLEMENTS = "Vera Remote Control/Vera Remote Control.entitlements";
				CODE_SIGN_IDENTITY = "iPhone Developer";
				"CODE_SIGN_IDENTITY[sdk=iphoneos*]" = "iPhone Developer";
				GCC_PRECOMPILE_PREFIX_HEADER = YES;
				GCC_PREFIX_HEADER = "VeraRemoteControl-Prefix.pch";
				INFOPLIST_FILE = "Vera Remote Control/Info.plist";
				LD_RUNPATH_SEARCH_PATHS = "$(inherited) @executable_path/Frameworks";
				PRODUCT_NAME = "$(TARGET_NAME)";
				PROVISIONING_PROFILE = "";
			};
			name = Debug;
		};
		DB6850C21A6C6D1100CE4DAA /* Release */ = {
			isa = XCBuildConfiguration;
			buildSettings = {
				ASSETCATALOG_COMPILER_APPICON_NAME = AppIcon;
				CODE_SIGN_ENTITLEMENTS = "Vera Remote Control/Vera Remote Control.entitlements";
				CODE_SIGN_IDENTITY = "iPhone Developer";
				"CODE_SIGN_IDENTITY[sdk=iphoneos*]" = "iPhone Developer";
				GCC_PRECOMPILE_PREFIX_HEADER = YES;
				GCC_PREFIX_HEADER = "VeraRemoteControl-Prefix.pch";
				INFOPLIST_FILE = "Vera Remote Control/Info.plist";
				LD_RUNPATH_SEARCH_PATHS = "$(inherited) @executable_path/Frameworks";
				PRODUCT_NAME = "$(TARGET_NAME)";
				PROVISIONING_PROFILE = "";
			};
			name = Release;
		};
		DB6850C41A6C6D1100CE4DAA /* Debug */ = {
			isa = XCBuildConfiguration;
			buildSettings = {
				BUNDLE_LOADER = "$(TEST_HOST)";
				FRAMEWORK_SEARCH_PATHS = (
					"$(SDKROOT)/Developer/Library/Frameworks",
					"$(inherited)",
				);
				GCC_PREPROCESSOR_DEFINITIONS = (
					"DEBUG=1",
					"$(inherited)",
				);
				INFOPLIST_FILE = "Vera Remote ControlTests/Info.plist";
				LD_RUNPATH_SEARCH_PATHS = "$(inherited) @executable_path/Frameworks @loader_path/Frameworks";
				PRODUCT_NAME = "$(TARGET_NAME)";
				TEST_HOST = "$(BUILT_PRODUCTS_DIR)/Vera Remote Control.app/Vera Remote Control";
			};
			name = Debug;
		};
		DB6850C51A6C6D1100CE4DAA /* Release */ = {
			isa = XCBuildConfiguration;
			buildSettings = {
				BUNDLE_LOADER = "$(TEST_HOST)";
				FRAMEWORK_SEARCH_PATHS = (
					"$(SDKROOT)/Developer/Library/Frameworks",
					"$(inherited)",
				);
				INFOPLIST_FILE = "Vera Remote ControlTests/Info.plist";
				LD_RUNPATH_SEARCH_PATHS = "$(inherited) @executable_path/Frameworks @loader_path/Frameworks";
				PRODUCT_NAME = "$(TARGET_NAME)";
				TEST_HOST = "$(BUILT_PRODUCTS_DIR)/Vera Remote Control.app/Vera Remote Control";
			};
			name = Release;
		};
/* End XCBuildConfiguration section */

/* Begin XCConfigurationList section */
		DB6850981A6C6D1100CE4DAA /* Build configuration list for PBXProject "Vera Remote Control" */ = {
			isa = XCConfigurationList;
			buildConfigurations = (
				DB6850BE1A6C6D1100CE4DAA /* Debug */,
				DB6850BF1A6C6D1100CE4DAA /* Release */,
			);
			defaultConfigurationIsVisible = 0;
			defaultConfigurationName = Release;
		};
		DB6850C01A6C6D1100CE4DAA /* Build configuration list for PBXNativeTarget "Vera Remote Control" */ = {
			isa = XCConfigurationList;
			buildConfigurations = (
				DB6850C11A6C6D1100CE4DAA /* Debug */,
				DB6850C21A6C6D1100CE4DAA /* Release */,
			);
			defaultConfigurationIsVisible = 0;
			defaultConfigurationName = Release;
		};
		DB6850C31A6C6D1100CE4DAA /* Build configuration list for PBXNativeTarget "Vera Remote ControlTests" */ = {
			isa = XCConfigurationList;
			buildConfigurations = (
				DB6850C41A6C6D1100CE4DAA /* Debug */,
				DB6850C51A6C6D1100CE4DAA /* Release */,
			);
			defaultConfigurationIsVisible = 0;
			defaultConfigurationName = Release;
		};
/* End XCConfigurationList section */
	};
	rootObject = DB6850951A6C6D1100CE4DAA /* Project object */;
}
